// !$*UTF8*$!
{
	archiveVersion = 1;
	classes = {
	};
	objectVersion = 48;
	objects = {

/* Begin PBXBuildFile section */
		3CDB23E5DC7300CDE7DCBADF /* libPods-阅读.a in Frameworks */ = {isa = PBXBuildFile; fileRef = AC32DA111449274B54930039 /* libPods-阅读.a */; };
		9B2195141FD791C6000059E5 /* AppDelegate.m in Sources */ = {isa = PBXBuildFile; fileRef = 9B21950F1FD791C6000059E5 /* AppDelegate.m */; };
		9B2195151FD791C6000059E5 /* Assets.xcassets in Resources */ = {isa = PBXBuildFile; fileRef = 9B2195121FD791C6000059E5 /* Assets.xcassets */; };
		9B2195161FD791C6000059E5 /* main.m in Sources */ = {isa = PBXBuildFile; fileRef = 9B2195131FD791C6000059E5 /* main.m */; };
		9B2D40321FDE626000FD61E1 /* LeeTabBarController.m in Sources */ = {isa = PBXBuildFile; fileRef = 9B2D40301FDE625F00FD61E1 /* LeeTabBarController.m */; };
		9B2D403D1FDE632200FD61E1 /* IntroduceViewController.m in Sources */ = {isa = PBXBuildFile; fileRef = 9B2D403C1FDE632200FD61E1 /* IntroduceViewController.m */; };
		9B2D40561FDE70F300FD61E1 /* NSMutableAttributedString+TY.m in Sources */ = {isa = PBXBuildFile; fileRef = 9B2D40431FDE70F300FD61E1 /* NSMutableAttributedString+TY.m */; };
		9B2D40571FDE70F300FD61E1 /* TYAttributedLabel.m in Sources */ = {isa = PBXBuildFile; fileRef = 9B2D40451FDE70F300FD61E1 /* TYAttributedLabel.m */; };
		9B2D40581FDE70F300FD61E1 /* TYDrawStorage.m in Sources */ = {isa = PBXBuildFile; fileRef = 9B2D40471FDE70F300FD61E1 /* TYDrawStorage.m */; };
		9B2D40591FDE70F300FD61E1 /* TYImageCache.m in Sources */ = {isa = PBXBuildFile; fileRef = 9B2D40491FDE70F300FD61E1 /* TYImageCache.m */; };
		9B2D405A1FDE70F300FD61E1 /* TYImageStorage.m in Sources */ = {isa = PBXBuildFile; fileRef = 9B2D404B1FDE70F300FD61E1 /* TYImageStorage.m */; };
		9B2D405B1FDE70F300FD61E1 /* TYLinkTextStorage.m in Sources */ = {isa = PBXBuildFile; fileRef = 9B2D404D1FDE70F300FD61E1 /* TYLinkTextStorage.m */; };
		9B2D405C1FDE70F300FD61E1 /* TYTextContainer+Extended.m in Sources */ = {isa = PBXBuildFile; fileRef = 9B2D404E1FDE70F300FD61E1 /* TYTextContainer+Extended.m */; };
		9B2D405D1FDE70F300FD61E1 /* TYTextContainer.m in Sources */ = {isa = PBXBuildFile; fileRef = 9B2D40501FDE70F300FD61E1 /* TYTextContainer.m */; };
		9B2D405E1FDE70F300FD61E1 /* TYTextStorage.m in Sources */ = {isa = PBXBuildFile; fileRef = 9B2D40521FDE70F300FD61E1 /* TYTextStorage.m */; };
		9B2D405F1FDE70F300FD61E1 /* TYViewStorage.m in Sources */ = {isa = PBXBuildFile; fileRef = 9B2D40551FDE70F300FD61E1 /* TYViewStorage.m */; };
		9B30A82D1FCCFB80007E43CD /* Main.storyboard in Resources */ = {isa = PBXBuildFile; fileRef = 9B30A82B1FCCFB80007E43CD /* Main.storyboard */; };
		9B30A8301FCCFB80007E43CD /* __.xcdatamodeld in Sources */ = {isa = PBXBuildFile; fileRef = 9B30A82E1FCCFB80007E43CD /* __.xcdatamodeld */; };
		9B30A8351FCCFB80007E43CD /* LaunchScreen.storyboard in Resources */ = {isa = PBXBuildFile; fileRef = 9B30A8331FCCFB80007E43CD /* LaunchScreen.storyboard */; };
		9B30A8481FCCFF36007E43CD /* MainViewCell.m in Sources */ = {isa = PBXBuildFile; fileRef = 9B30A8461FCCFF36007E43CD /* MainViewCell.m */; };
		9B30A8491FCCFF36007E43CD /* MainViewCell.xib in Resources */ = {isa = PBXBuildFile; fileRef = 9B30A8471FCCFF36007E43CD /* MainViewCell.xib */; };
		9B30A9CB1FCD4B65007E43CD /* libz.tbd in Frameworks */ = {isa = PBXBuildFile; fileRef = 9B30A9CA1FCD4B65007E43CD /* libz.tbd */; };
		9B6AAB3F1FDE39090021FB5C /* XDSReadConfig.m in Sources */ = {isa = PBXBuildFile; fileRef = 9B6AAAC01FDE39080021FB5C /* XDSReadConfig.m */; };
		9B6AAB401FDE39090021FB5C /* XDSReadManager.m in Sources */ = {isa = PBXBuildFile; fileRef = 9B6AAAC21FDE39080021FB5C /* XDSReadManager.m */; };
		9B6AAB411FDE39090021FB5C /* XDSReadOperation.m in Sources */ = {isa = PBXBuildFile; fileRef = 9B6AAAC41FDE39080021FB5C /* XDSReadOperation.m */; };
		9B6AAB421FDE39090021FB5C /* GTMNSString+HTML.m in Sources */ = {isa = PBXBuildFile; fileRef = 9B6AAAC81FDE39080021FB5C /* GTMNSString+HTML.m */; settings = {COMPILER_FLAGS = "-fno-objc-arc"; }; };
		9B6AAB431FDE39090021FB5C /* NSString+HTML.m in Sources */ = {isa = PBXBuildFile; fileRef = 9B6AAACA1FDE39080021FB5C /* NSString+HTML.m */; settings = {COMPILER_FLAGS = "-fno-objc-arc"; }; };
		9B6AAB441FDE39090021FB5C /* CXMLDocument_CreationExtensions.m in Sources */ = {isa = PBXBuildFile; fileRef = 9B6AAACE1FDE39080021FB5C /* CXMLDocument_CreationExtensions.m */; };
		9B6AAB451FDE39090021FB5C /* CXMLNode_CreationExtensions.m in Sources */ = {isa = PBXBuildFile; fileRef = 9B6AAAD01FDE39080021FB5C /* CXMLNode_CreationExtensions.m */; };
		9B6AAB461FDE39090021FB5C /* CXHTMLDocument.m in Sources */ = {isa = PBXBuildFile; fileRef = 9B6AAAD21FDE39080021FB5C /* CXHTMLDocument.m */; };
		9B6AAB471FDE39090021FB5C /* CXMLDocument.m in Sources */ = {isa = PBXBuildFile; fileRef = 9B6AAAD41FDE39080021FB5C /* CXMLDocument.m */; };
		9B6AAB481FDE39090021FB5C /* CXMLDocument_PrivateExtensions.m in Sources */ = {isa = PBXBuildFile; fileRef = 9B6AAAD61FDE39080021FB5C /* CXMLDocument_PrivateExtensions.m */; };
		9B6AAB491FDE39090021FB5C /* CXMLElement.m in Sources */ = {isa = PBXBuildFile; fileRef = 9B6AAAD81FDE39080021FB5C /* CXMLElement.m */; };
		9B6AAB4A1FDE39090021FB5C /* CXMLElement_CreationExtensions.m in Sources */ = {isa = PBXBuildFile; fileRef = 9B6AAADA1FDE39080021FB5C /* CXMLElement_CreationExtensions.m */; };
		9B6AAB4B1FDE39090021FB5C /* CXMLElement_ElementTreeExtensions.m in Sources */ = {isa = PBXBuildFile; fileRef = 9B6AAADC1FDE39080021FB5C /* CXMLElement_ElementTreeExtensions.m */; };
		9B6AAB4C1FDE39090021FB5C /* CXMLNamespaceNode.m in Sources */ = {isa = PBXBuildFile; fileRef = 9B6AAADE1FDE39080021FB5C /* CXMLNamespaceNode.m */; };
		9B6AAB4D1FDE39090021FB5C /* CXMLNode.m in Sources */ = {isa = PBXBuildFile; fileRef = 9B6AAAE01FDE39080021FB5C /* CXMLNode.m */; };
		9B6AAB4E1FDE39090021FB5C /* CXMLNode_PrivateExtensions.m in Sources */ = {isa = PBXBuildFile; fileRef = 9B6AAAE21FDE39080021FB5C /* CXMLNode_PrivateExtensions.m */; };
		9B6AAB4F1FDE39090021FB5C /* CXMLNode_XPathExtensions.m in Sources */ = {isa = PBXBuildFile; fileRef = 9B6AAAE41FDE39080021FB5C /* CXMLNode_XPathExtensions.m */; };
		9B6AAB501FDE39090021FB5C /* CXMLUnsupportedNode.m in Sources */ = {isa = PBXBuildFile; fileRef = 9B6AAAE61FDE39080021FB5C /* CXMLUnsupportedNode.m */; };
		9B6AAB511FDE39090021FB5C /* CTidy.m in Sources */ = {isa = PBXBuildFile; fileRef = 9B6AAAE91FDE39080021FB5C /* CTidy.m */; };
		9B6AAB521FDE39090021FB5C /* UIImage+ImageEffects.m in Sources */ = {isa = PBXBuildFile; fileRef = 9B6AAAEC1FDE39080021FB5C /* UIImage+ImageEffects.m */; };
		9B6AAB531FDE39090021FB5C /* UIView+XDSHyperLink.m in Sources */ = {isa = PBXBuildFile; fileRef = 9B6AAAEE1FDE39080021FB5C /* UIView+XDSHyperLink.m */; };
		9B6AAB541FDE39090021FB5C /* XDSBookModel.m in Sources */ = {isa = PBXBuildFile; fileRef = 9B6AAAF11FDE39080021FB5C /* XDSBookModel.m */; };
		9B6AAB551FDE39090021FB5C /* XDSChapterModel.m in Sources */ = {isa = PBXBuildFile; fileRef = 9B6AAAF31FDE39080021FB5C /* XDSChapterModel.m */; };
		9B6AAB561FDE39090021FB5C /* XDSMarkModel.m in Sources */ = {isa = PBXBuildFile; fileRef = 9B6AAAF51FDE39080021FB5C /* XDSMarkModel.m */; };
		9B6AAB571FDE39090021FB5C /* XDSNoteModel.m in Sources */ = {isa = PBXBuildFile; fileRef = 9B6AAAF71FDE39080021FB5C /* XDSNoteModel.m */; };
		9B6AAB581FDE39090021FB5C /* XDSRecordModel.m in Sources */ = {isa = PBXBuildFile; fileRef = 9B6AAAF91FDE39080021FB5C /* XDSRecordModel.m */; };
		9B6AAB591FDE39090021FB5C /* water_mode_bg@2x.png in Resources */ = {isa = PBXBuildFile; fileRef = 9B6AAAFB1FDE39080021FB5C /* water_mode_bg@2x.png */; };
		9B6AAB5A1FDE39090021FB5C /* water_mode_bg@3x.png in Resources */ = {isa = PBXBuildFile; fileRef = 9B6AAAFC1FDE39080021FB5C /* water_mode_bg@3x.png */; };
		9B6AAB5E1FDE39090021FB5C /* XDSReaderGlobleConst.m in Sources */ = {isa = PBXBuildFile; fileRef = 9B6AAB031FDE39080021FB5C /* XDSReaderGlobleConst.m */; };
		9B6AAB5F1FDE39090021FB5C /* XDSReaderUtil.m in Sources */ = {isa = PBXBuildFile; fileRef = 9B6AAB051FDE39080021FB5C /* XDSReaderUtil.m */; };
		9B6AAB601FDE39090021FB5C /* UIControl+XDSHyperLink.m in Sources */ = {isa = PBXBuildFile; fileRef = 9B6AAB081FDE39080021FB5C /* UIControl+XDSHyperLink.m */; };
		9B6AAB611FDE39090021FB5C /* XDSMagnifierView.m in Sources */ = {isa = PBXBuildFile; fileRef = 9B6AAB0A1FDE39080021FB5C /* XDSMagnifierView.m */; };
		9B6AAB621FDE39090021FB5C /* XDSReadView.m in Sources */ = {isa = PBXBuildFile; fileRef = 9B6AAB0C1FDE39080021FB5C /* XDSReadView.m */; };
		9B6AAB631FDE39090021FB5C /* XDSPhotoBrowser.m in Sources */ = {isa = PBXBuildFile; fileRef = 9B6AAB0F1FDE39080021FB5C /* XDSPhotoBrowser.m */; };
		9B6AAB641FDE39090021FB5C /* XDSReadPageViewController.m in Sources */ = {isa = PBXBuildFile; fileRef = 9B6AAB111FDE39080021FB5C /* XDSReadPageViewController.m */; };
		9B6AAB651FDE39090021FB5C /* XDSReadViewController.m in Sources */ = {isa = PBXBuildFile; fileRef = 9B6AAB131FDE39080021FB5C /* XDSReadViewController.m */; };
		9B6AAB661FDE39090021FB5C /* XDSCatalogueTabBarController.m in Sources */ = {isa = PBXBuildFile; fileRef = 9B6AAB181FDE39090021FB5C /* XDSCatalogueTabBarController.m */; };
		9B6AAB671FDE39090021FB5C /* XDSCatalogueView.m in Sources */ = {isa = PBXBuildFile; fileRef = 9B6AAB1A1FDE39090021FB5C /* XDSCatalogueView.m */; };
		9B6AAB681FDE39090021FB5C /* XDSCatalogueViewController.m in Sources */ = {isa = PBXBuildFile; fileRef = 9B6AAB1C1FDE39090021FB5C /* XDSCatalogueViewController.m */; };
		9B6AAB691FDE39090021FB5C /* XDSMarkViewController.m in Sources */ = {isa = PBXBuildFile; fileRef = 9B6AAB1E1FDE39090021FB5C /* XDSMarkViewController.m */; };
		9B6AAB6A1FDE39090021FB5C /* XDSNoDataView.m in Sources */ = {isa = PBXBuildFile; fileRef = 9B6AAB201FDE39090021FB5C /* XDSNoDataView.m */; };
		9B6AAB6B1FDE39090021FB5C /* XDSNoDataView.xib in Resources */ = {isa = PBXBuildFile; fileRef = 9B6AAB211FDE39090021FB5C /* XDSNoDataView.xib */; };
		9B6AAB6C1FDE39090021FB5C /* XDSNoteCell.m in Sources */ = {isa = PBXBuildFile; fileRef = 9B6AAB231FDE39090021FB5C /* XDSNoteCell.m */; };
		9B6AAB6D1FDE39090021FB5C /* XDSNoteViewController.m in Sources */ = {isa = PBXBuildFile; fileRef = 9B6AAB251FDE39090021FB5C /* XDSNoteViewController.m */; };
		9B6AAB6E1FDE39090021FB5C /* XDSHaloButton.m in Sources */ = {isa = PBXBuildFile; fileRef = 9B6AAB271FDE39090021FB5C /* XDSHaloButton.m */; };
		9B6AAB6F1FDE39090021FB5C /* XDSLightView.m in Sources */ = {isa = PBXBuildFile; fileRef = 9B6AAB291FDE39090021FB5C /* XDSLightView.m */; };
		9B6AAB701FDE39090021FB5C /* XDSMenuBottomView.m in Sources */ = {isa = PBXBuildFile; fileRef = 9B6AAB2B1FDE39090021FB5C /* XDSMenuBottomView.m */; };
		9B6AAB711FDE39090021FB5C /* XDSMenuTopView.m in Sources */ = {isa = PBXBuildFile; fileRef = 9B6AAB2D1FDE39090021FB5C /* XDSMenuTopView.m */; };
		9B6AAB721FDE39090021FB5C /* XDSReadMenu.m in Sources */ = {isa = PBXBuildFile; fileRef = 9B6AAB2F1FDE39090021FB5C /* XDSReadMenu.m */; };
		9B6AAB731FDE39090021FB5C /* XDSReadMenu.xcassets in Resources */ = {isa = PBXBuildFile; fileRef = 9B6AAB301FDE39090021FB5C /* XDSReadMenu.xcassets */; };
		9B6AAB741FDE39090021FB5C /* XDSReadRootView.m in Sources */ = {isa = PBXBuildFile; fileRef = 9B6AAB321FDE39090021FB5C /* XDSReadRootView.m */; };
		9B6AAB751FDE39090021FB5C /* XDSReadSettingView.m in Sources */ = {isa = PBXBuildFile; fileRef = 9B6AAB341FDE39090021FB5C /* XDSReadSettingView.m */; };
		9B6AAB761FDE39090021FB5C /* XDSReadViewConst.m in Sources */ = {isa = PBXBuildFile; fileRef = 9B6AAB361FDE39090021FB5C /* XDSReadViewConst.m */; };
		9B6AAB771FDE39090021FB5C /* UIView+YGPulseView.m in Sources */ = {isa = PBXBuildFile; fileRef = 9B6AAB391FDE39090021FB5C /* UIView+YGPulseView.m */; };
		9B6AAB781FDE39090021FB5C /* 华文彩云.ttf in Resources */ = {isa = PBXBuildFile; fileRef = 9B6AAB3B1FDE39090021FB5C /* 华文彩云.ttf */; };
		9B6AAB791FDE39090021FB5C /* 华文新魏.ttf in Resources */ = {isa = PBXBuildFile; fileRef = 9B6AAB3C1FDE39090021FB5C /* 华文新魏.ttf */; };
		9B6AAB7A1FDE39090021FB5C /* 华文琥珀.ttf in Resources */ = {isa = PBXBuildFile; fileRef = 9B6AAB3D1FDE39090021FB5C /* 华文琥珀.ttf */; };
		9B6AAB7B1FDE39090021FB5C /* 华文行楷.ttf in Resources */ = {isa = PBXBuildFile; fileRef = 9B6AAB3E1FDE39090021FB5C /* 华文行楷.ttf */; };
		9B6AAB7D1FDE55C80021FB5C /* 简介.txt in Resources */ = {isa = PBXBuildFile; fileRef = 9B6AAB7C1FDE55C80021FB5C /* 简介.txt */; };
		9B9D65AE1FE3AA59007263FE /* MeViewCell.m in Sources */ = {isa = PBXBuildFile; fileRef = 9B9D65AD1FE3AA59007263FE /* MeViewCell.m */; };
		9B9D65B11FE3AB0F007263FE /* MeModel.m in Sources */ = {isa = PBXBuildFile; fileRef = 9B9D65B01FE3AB0F007263FE /* MeModel.m */; };
		9B9D65B61FE76405007263FE /* HeaderView.m in Sources */ = {isa = PBXBuildFile; fileRef = 9B9D65B51FE76405007263FE /* HeaderView.m */; };
		9B9D65BB1FE76EC2007263FE /* UIColor+ColorChange.m in Sources */ = {isa = PBXBuildFile; fileRef = 9B9D65BA1FE76EC2007263FE /* UIColor+ColorChange.m */; };
		9B9D65CE1FE7909E007263FE /* haoping@3x.png in Resources */ = {isa = PBXBuildFile; fileRef = 9B9D65C41FE7909E007263FE /* haoping@3x.png */; };
		9B9D65CF1FE7909E007263FE /* headerIcon@3x.png in Resources */ = {isa = PBXBuildFile; fileRef = 9B9D65C51FE7909E007263FE /* headerIcon@3x.png */; };
		9B9D65D01FE7909E007263FE /* headerImage@3x.png in Resources */ = {isa = PBXBuildFile; fileRef = 9B9D65C61FE7909E007263FE /* headerImage@3x.png */; };
		9B9D65D11FE7909E007263FE /* lianxi@3x.png in Resources */ = {isa = PBXBuildFile; fileRef = 9B9D65C71FE7909E007263FE /* lianxi@3x.png */; };
		9B9D65D21FE7909E007263FE /* shezhi@3x.png in Resources */ = {isa = PBXBuildFile; fileRef = 9B9D65C81FE7909E007263FE /* shezhi@3x.png */; };
		9B9D65DC1FE79A23007263FE /* gerenzhongxin@3x.png in Resources */ = {isa = PBXBuildFile; fileRef = 9B9D65D51FE79A23007263FE /* gerenzhongxin@3x.png */; };
		9B9D65DD1FE79A23007263FE /* gerenzhongxin_xuanzhong@3x.png in Resources */ = {isa = PBXBuildFile; fileRef = 9B9D65D61FE79A23007263FE /* gerenzhongxin_xuanzhong@3x.png */; };
		9B9D65DE1FE79A23007263FE /* shangcheng@3x.png in Resources */ = {isa = PBXBuildFile; fileRef = 9B9D65D71FE79A23007263FE /* shangcheng@3x.png */; };
		9B9D65DF1FE79A23007263FE /* shangcheng_xuanzhong@3x.png in Resources */ = {isa = PBXBuildFile; fileRef = 9B9D65D81FE79A23007263FE /* shangcheng_xuanzhong@3x.png */; };
		9B9D65E01FE79A23007263FE /* shouye@3x.png in Resources */ = {isa = PBXBuildFile; fileRef = 9B9D65D91FE79A23007263FE /* shouye@3x.png */; };
		9B9D65E11FE79A23007263FE /* shouye_xuanzhong@3x.png in Resources */ = {isa = PBXBuildFile; fileRef = 9B9D65DA1FE79A23007263FE /* shouye_xuanzhong@3x.png */; };
		9B9D65E31FE79A2B007263FE /* 1@3x.png in Resources */ = {isa = PBXBuildFile; fileRef = 9B9D65E21FE79A2B007263FE /* 1@3x.png */; };
		9B9D65EE1FE79DFD007263FE /* ViewController.m in Sources */ = {isa = PBXBuildFile; fileRef = 9B9D65ED1FE79DFD007263FE /* ViewController.m */; };
		9B9D65F51FE79E08007263FE /* EmailViewController.m in Sources */ = {isa = PBXBuildFile; fileRef = 9B9D65F11FE79E08007263FE /* EmailViewController.m */; };
		9B9D65F61FE79E08007263FE /* MeViewController.m in Sources */ = {isa = PBXBuildFile; fileRef = 9B9D65F41FE79E08007263FE /* MeViewController.m */; };
		9B9D65F91FE7A9C7007263FE /* 使用说明2@3x.png in Resources */ = {isa = PBXBuildFile; fileRef = 9B9D65F71FE7A9C6007263FE /* 使用说明2@3x.png */; };
		9B9D65FA1FE7A9C7007263FE /* 使用说明@3x.png in Resources */ = {isa = PBXBuildFile; fileRef = 9B9D65F81FE7A9C6007263FE /* 使用说明@3x.png */; };
		9B9D66001FE7BCE8007263FE /* 叉号.png in Resources */ = {isa = PBXBuildFile; fileRef = 9B9D65FF1FE7BCE8007263FE /* 叉号.png */; };
/* End PBXBuildFile section */

/* Begin PBXFileReference section */
		9B21950E1FD791C6000059E5 /* AppDelegate.h */ = {isa = PBXFileReference; fileEncoding = 4; lastKnownFileType = sourcecode.c.h; path = AppDelegate.h; sourceTree = "<group>"; };
		9B21950F1FD791C6000059E5 /* AppDelegate.m */ = {isa = PBXFileReference; fileEncoding = 4; lastKnownFileType = sourcecode.c.objc; path = AppDelegate.m; sourceTree = "<group>"; };
		9B2195101FD791C6000059E5 /* PrefixHeader.pch */ = {isa = PBXFileReference; fileEncoding = 4; lastKnownFileType = sourcecode.c.h; path = PrefixHeader.pch; sourceTree = "<group>"; };
		9B2195121FD791C6000059E5 /* Assets.xcassets */ = {isa = PBXFileReference; lastKnownFileType = folder.assetcatalog; path = Assets.xcassets; sourceTree = "<group>"; };
		9B2195131FD791C6000059E5 /* main.m */ = {isa = PBXFileReference; fileEncoding = 4; lastKnownFileType = sourcecode.c.objc; path = main.m; sourceTree = "<group>"; };
		9B2D40301FDE625F00FD61E1 /* LeeTabBarController.m */ = {isa = PBXFileReference; fileEncoding = 4; lastKnownFileType = sourcecode.c.objc; path = LeeTabBarController.m; sourceTree = "<group>"; };
		9B2D40311FDE626000FD61E1 /* LeeTabBarController.h */ = {isa = PBXFileReference; fileEncoding = 4; lastKnownFileType = sourcecode.c.h; path = LeeTabBarController.h; sourceTree = "<group>"; };
		9B2D403B1FDE632200FD61E1 /* IntroduceViewController.h */ = {isa = PBXFileReference; lastKnownFileType = sourcecode.c.h; path = IntroduceViewController.h; sourceTree = "<group>"; };
		9B2D403C1FDE632200FD61E1 /* IntroduceViewController.m */ = {isa = PBXFileReference; lastKnownFileType = sourcecode.c.objc; path = IntroduceViewController.m; sourceTree = "<group>"; };
		9B2D40421FDE70F300FD61E1 /* NSMutableAttributedString+TY.h */ = {isa = PBXFileReference; fileEncoding = 4; lastKnownFileType = sourcecode.c.h; path = "NSMutableAttributedString+TY.h"; sourceTree = "<group>"; };
		9B2D40431FDE70F300FD61E1 /* NSMutableAttributedString+TY.m */ = {isa = PBXFileReference; fileEncoding = 4; lastKnownFileType = sourcecode.c.objc; path = "NSMutableAttributedString+TY.m"; sourceTree = "<group>"; };
		9B2D40441FDE70F300FD61E1 /* TYAttributedLabel.h */ = {isa = PBXFileReference; fileEncoding = 4; lastKnownFileType = sourcecode.c.h; path = TYAttributedLabel.h; sourceTree = "<group>"; };
		9B2D40451FDE70F300FD61E1 /* TYAttributedLabel.m */ = {isa = PBXFileReference; fileEncoding = 4; lastKnownFileType = sourcecode.c.objc; path = TYAttributedLabel.m; sourceTree = "<group>"; };
		9B2D40461FDE70F300FD61E1 /* TYDrawStorage.h */ = {isa = PBXFileReference; fileEncoding = 4; lastKnownFileType = sourcecode.c.h; path = TYDrawStorage.h; sourceTree = "<group>"; };
		9B2D40471FDE70F300FD61E1 /* TYDrawStorage.m */ = {isa = PBXFileReference; fileEncoding = 4; lastKnownFileType = sourcecode.c.objc; path = TYDrawStorage.m; sourceTree = "<group>"; };
		9B2D40481FDE70F300FD61E1 /* TYImageCache.h */ = {isa = PBXFileReference; fileEncoding = 4; lastKnownFileType = sourcecode.c.h; path = TYImageCache.h; sourceTree = "<group>"; };
		9B2D40491FDE70F300FD61E1 /* TYImageCache.m */ = {isa = PBXFileReference; fileEncoding = 4; lastKnownFileType = sourcecode.c.objc; path = TYImageCache.m; sourceTree = "<group>"; };
		9B2D404A1FDE70F300FD61E1 /* TYImageStorage.h */ = {isa = PBXFileReference; fileEncoding = 4; lastKnownFileType = sourcecode.c.h; path = TYImageStorage.h; sourceTree = "<group>"; };
		9B2D404B1FDE70F300FD61E1 /* TYImageStorage.m */ = {isa = PBXFileReference; fileEncoding = 4; lastKnownFileType = sourcecode.c.objc; path = TYImageStorage.m; sourceTree = "<group>"; };
		9B2D404C1FDE70F300FD61E1 /* TYLinkTextStorage.h */ = {isa = PBXFileReference; fileEncoding = 4; lastKnownFileType = sourcecode.c.h; path = TYLinkTextStorage.h; sourceTree = "<group>"; };
		9B2D404D1FDE70F300FD61E1 /* TYLinkTextStorage.m */ = {isa = PBXFileReference; fileEncoding = 4; lastKnownFileType = sourcecode.c.objc; path = TYLinkTextStorage.m; sourceTree = "<group>"; };
		9B2D404E1FDE70F300FD61E1 /* TYTextContainer+Extended.m */ = {isa = PBXFileReference; fileEncoding = 4; lastKnownFileType = sourcecode.c.objc; path = "TYTextContainer+Extended.m"; sourceTree = "<group>"; };
		9B2D404F1FDE70F300FD61E1 /* TYTextContainer.h */ = {isa = PBXFileReference; fileEncoding = 4; lastKnownFileType = sourcecode.c.h; path = TYTextContainer.h; sourceTree = "<group>"; };
		9B2D40501FDE70F300FD61E1 /* TYTextContainer.m */ = {isa = PBXFileReference; fileEncoding = 4; lastKnownFileType = sourcecode.c.objc; path = TYTextContainer.m; sourceTree = "<group>"; };
		9B2D40511FDE70F300FD61E1 /* TYTextStorage.h */ = {isa = PBXFileReference; fileEncoding = 4; lastKnownFileType = sourcecode.c.h; path = TYTextStorage.h; sourceTree = "<group>"; };
		9B2D40521FDE70F300FD61E1 /* TYTextStorage.m */ = {isa = PBXFileReference; fileEncoding = 4; lastKnownFileType = sourcecode.c.objc; path = TYTextStorage.m; sourceTree = "<group>"; };
		9B2D40531FDE70F300FD61E1 /* TYTextStorageProtocol.h */ = {isa = PBXFileReference; fileEncoding = 4; lastKnownFileType = sourcecode.c.h; path = TYTextStorageProtocol.h; sourceTree = "<group>"; };
		9B2D40541FDE70F300FD61E1 /* TYViewStorage.h */ = {isa = PBXFileReference; fileEncoding = 4; lastKnownFileType = sourcecode.c.h; path = TYViewStorage.h; sourceTree = "<group>"; };
		9B2D40551FDE70F300FD61E1 /* TYViewStorage.m */ = {isa = PBXFileReference; fileEncoding = 4; lastKnownFileType = sourcecode.c.objc; path = TYViewStorage.m; sourceTree = "<group>"; };
		9B30A8221FCCFB80007E43CD /* 阅读.app */ = {isa = PBXFileReference; explicitFileType = wrapper.application; includeInIndex = 0; path = "阅读.app"; sourceTree = BUILT_PRODUCTS_DIR; };
		9B30A82C1FCCFB80007E43CD /* Base */ = {isa = PBXFileReference; lastKnownFileType = file.storyboard; name = Base; path = Base.lproj/Main.storyboard; sourceTree = "<group>"; };
		9B30A82F1FCCFB80007E43CD /* __.xcdatamodel */ = {isa = PBXFileReference; lastKnownFileType = wrapper.xcdatamodel; path = __.xcdatamodel; sourceTree = "<group>"; };
		9B30A8341FCCFB80007E43CD /* Base */ = {isa = PBXFileReference; lastKnownFileType = file.storyboard; name = Base; path = Base.lproj/LaunchScreen.storyboard; sourceTree = "<group>"; };
		9B30A8361FCCFB80007E43CD /* Info.plist */ = {isa = PBXFileReference; lastKnownFileType = text.plist.xml; path = Info.plist; sourceTree = "<group>"; };
		9B30A8451FCCFF36007E43CD /* MainViewCell.h */ = {isa = PBXFileReference; lastKnownFileType = sourcecode.c.h; path = MainViewCell.h; sourceTree = "<group>"; };
		9B30A8461FCCFF36007E43CD /* MainViewCell.m */ = {isa = PBXFileReference; lastKnownFileType = sourcecode.c.objc; path = MainViewCell.m; sourceTree = "<group>"; };
		9B30A8471FCCFF36007E43CD /* MainViewCell.xib */ = {isa = PBXFileReference; lastKnownFileType = file.xib; path = MainViewCell.xib; sourceTree = "<group>"; };
		9B30A9CA1FCD4B65007E43CD /* libz.tbd */ = {isa = PBXFileReference; lastKnownFileType = "sourcecode.text-based-dylib-definition"; name = libz.tbd; path = usr/lib/libz.tbd; sourceTree = SDKROOT; };
		9B6AAABF1FDE39080021FB5C /* XDSReadConfig.h */ = {isa = PBXFileReference; fileEncoding = 4; lastKnownFileType = sourcecode.c.h; path = XDSReadConfig.h; sourceTree = "<group>"; };
		9B6AAAC01FDE39080021FB5C /* XDSReadConfig.m */ = {isa = PBXFileReference; fileEncoding = 4; lastKnownFileType = sourcecode.c.objc; path = XDSReadConfig.m; sourceTree = "<group>"; };
		9B6AAAC11FDE39080021FB5C /* XDSReadManager.h */ = {isa = PBXFileReference; fileEncoding = 4; lastKnownFileType = sourcecode.c.h; path = XDSReadManager.h; sourceTree = "<group>"; };
		9B6AAAC21FDE39080021FB5C /* XDSReadManager.m */ = {isa = PBXFileReference; fileEncoding = 4; lastKnownFileType = sourcecode.c.objc; path = XDSReadManager.m; sourceTree = "<group>"; };
		9B6AAAC31FDE39080021FB5C /* XDSReadOperation.h */ = {isa = PBXFileReference; fileEncoding = 4; lastKnownFileType = sourcecode.c.h; path = XDSReadOperation.h; sourceTree = "<group>"; };
		9B6AAAC41FDE39080021FB5C /* XDSReadOperation.m */ = {isa = PBXFileReference; fileEncoding = 4; lastKnownFileType = sourcecode.c.objc; path = XDSReadOperation.m; sourceTree = "<group>"; };
		9B6AAAC61FDE39080021FB5C /* GTMDefines.h */ = {isa = PBXFileReference; fileEncoding = 4; lastKnownFileType = sourcecode.c.h; path = GTMDefines.h; sourceTree = "<group>"; };
		9B6AAAC71FDE39080021FB5C /* GTMNSString+HTML.h */ = {isa = PBXFileReference; fileEncoding = 4; lastKnownFileType = sourcecode.c.h; path = "GTMNSString+HTML.h"; sourceTree = "<group>"; };
		9B6AAAC81FDE39080021FB5C /* GTMNSString+HTML.m */ = {isa = PBXFileReference; fileEncoding = 4; lastKnownFileType = sourcecode.c.objc; path = "GTMNSString+HTML.m"; sourceTree = "<group>"; };
		9B6AAAC91FDE39080021FB5C /* NSString+HTML.h */ = {isa = PBXFileReference; fileEncoding = 4; lastKnownFileType = sourcecode.c.h; path = "NSString+HTML.h"; sourceTree = "<group>"; };
		9B6AAACA1FDE39080021FB5C /* NSString+HTML.m */ = {isa = PBXFileReference; fileEncoding = 4; lastKnownFileType = sourcecode.c.objc; path = "NSString+HTML.m"; sourceTree = "<group>"; };
		9B6AAACD1FDE39080021FB5C /* CXMLDocument_CreationExtensions.h */ = {isa = PBXFileReference; fileEncoding = 4; lastKnownFileType = sourcecode.c.h; path = CXMLDocument_CreationExtensions.h; sourceTree = "<group>"; };
		9B6AAACE1FDE39080021FB5C /* CXMLDocument_CreationExtensions.m */ = {isa = PBXFileReference; fileEncoding = 4; lastKnownFileType = sourcecode.c.objc; path = CXMLDocument_CreationExtensions.m; sourceTree = "<group>"; };
		9B6AAACF1FDE39080021FB5C /* CXMLNode_CreationExtensions.h */ = {isa = PBXFileReference; fileEncoding = 4; lastKnownFileType = sourcecode.c.h; path = CXMLNode_CreationExtensions.h; sourceTree = "<group>"; };
		9B6AAAD01FDE39080021FB5C /* CXMLNode_CreationExtensions.m */ = {isa = PBXFileReference; fileEncoding = 4; lastKnownFileType = sourcecode.c.objc; path = CXMLNode_CreationExtensions.m; sourceTree = "<group>"; };
		9B6AAAD11FDE39080021FB5C /* CXHTMLDocument.h */ = {isa = PBXFileReference; fileEncoding = 4; lastKnownFileType = sourcecode.c.h; path = CXHTMLDocument.h; sourceTree = "<group>"; };
		9B6AAAD21FDE39080021FB5C /* CXHTMLDocument.m */ = {isa = PBXFileReference; fileEncoding = 4; lastKnownFileType = sourcecode.c.objc; path = CXHTMLDocument.m; sourceTree = "<group>"; };
		9B6AAAD31FDE39080021FB5C /* CXMLDocument.h */ = {isa = PBXFileReference; fileEncoding = 4; lastKnownFileType = sourcecode.c.h; path = CXMLDocument.h; sourceTree = "<group>"; };
		9B6AAAD41FDE39080021FB5C /* CXMLDocument.m */ = {isa = PBXFileReference; fileEncoding = 4; lastKnownFileType = sourcecode.c.objc; path = CXMLDocument.m; sourceTree = "<group>"; };
		9B6AAAD51FDE39080021FB5C /* CXMLDocument_PrivateExtensions.h */ = {isa = PBXFileReference; fileEncoding = 4; lastKnownFileType = sourcecode.c.h; path = CXMLDocument_PrivateExtensions.h; sourceTree = "<group>"; };
		9B6AAAD61FDE39080021FB5C /* CXMLDocument_PrivateExtensions.m */ = {isa = PBXFileReference; fileEncoding = 4; lastKnownFileType = sourcecode.c.objc; path = CXMLDocument_PrivateExtensions.m; sourceTree = "<group>"; };
		9B6AAAD71FDE39080021FB5C /* CXMLElement.h */ = {isa = PBXFileReference; fileEncoding = 4; lastKnownFileType = sourcecode.c.h; path = CXMLElement.h; sourceTree = "<group>"; };
		9B6AAAD81FDE39080021FB5C /* CXMLElement.m */ = {isa = PBXFileReference; fileEncoding = 4; lastKnownFileType = sourcecode.c.objc; path = CXMLElement.m; sourceTree = "<group>"; };
		9B6AAAD91FDE39080021FB5C /* CXMLElement_CreationExtensions.h */ = {isa = PBXFileReference; fileEncoding = 4; lastKnownFileType = sourcecode.c.h; path = CXMLElement_CreationExtensions.h; sourceTree = "<group>"; };
		9B6AAADA1FDE39080021FB5C /* CXMLElement_CreationExtensions.m */ = {isa = PBXFileReference; fileEncoding = 4; lastKnownFileType = sourcecode.c.objc; path = CXMLElement_CreationExtensions.m; sourceTree = "<group>"; };
		9B6AAADB1FDE39080021FB5C /* CXMLElement_ElementTreeExtensions.h */ = {isa = PBXFileReference; fileEncoding = 4; lastKnownFileType = sourcecode.c.h; path = CXMLElement_ElementTreeExtensions.h; sourceTree = "<group>"; };
		9B6AAADC1FDE39080021FB5C /* CXMLElement_ElementTreeExtensions.m */ = {isa = PBXFileReference; fileEncoding = 4; lastKnownFileType = sourcecode.c.objc; path = CXMLElement_ElementTreeExtensions.m; sourceTree = "<group>"; };
		9B6AAADD1FDE39080021FB5C /* CXMLNamespaceNode.h */ = {isa = PBXFileReference; fileEncoding = 4; lastKnownFileType = sourcecode.c.h; path = CXMLNamespaceNode.h; sourceTree = "<group>"; };
		9B6AAADE1FDE39080021FB5C /* CXMLNamespaceNode.m */ = {isa = PBXFileReference; fileEncoding = 4; lastKnownFileType = sourcecode.c.objc; path = CXMLNamespaceNode.m; sourceTree = "<group>"; };
		9B6AAADF1FDE39080021FB5C /* CXMLNode.h */ = {isa = PBXFileReference; fileEncoding = 4; lastKnownFileType = sourcecode.c.h; path = CXMLNode.h; sourceTree = "<group>"; };
		9B6AAAE01FDE39080021FB5C /* CXMLNode.m */ = {isa = PBXFileReference; fileEncoding = 4; lastKnownFileType = sourcecode.c.objc; path = CXMLNode.m; sourceTree = "<group>"; };
		9B6AAAE11FDE39080021FB5C /* CXMLNode_PrivateExtensions.h */ = {isa = PBXFileReference; fileEncoding = 4; lastKnownFileType = sourcecode.c.h; path = CXMLNode_PrivateExtensions.h; sourceTree = "<group>"; };
		9B6AAAE21FDE39080021FB5C /* CXMLNode_PrivateExtensions.m */ = {isa = PBXFileReference; fileEncoding = 4; lastKnownFileType = sourcecode.c.objc; path = CXMLNode_PrivateExtensions.m; sourceTree = "<group>"; };
		9B6AAAE31FDE39080021FB5C /* CXMLNode_XPathExtensions.h */ = {isa = PBXFileReference; fileEncoding = 4; lastKnownFileType = sourcecode.c.h; path = CXMLNode_XPathExtensions.h; sourceTree = "<group>"; };
		9B6AAAE41FDE39080021FB5C /* CXMLNode_XPathExtensions.m */ = {isa = PBXFileReference; fileEncoding = 4; lastKnownFileType = sourcecode.c.objc; path = CXMLNode_XPathExtensions.m; sourceTree = "<group>"; };
		9B6AAAE51FDE39080021FB5C /* CXMLUnsupportedNode.h */ = {isa = PBXFileReference; fileEncoding = 4; lastKnownFileType = sourcecode.c.h; path = CXMLUnsupportedNode.h; sourceTree = "<group>"; };
		9B6AAAE61FDE39080021FB5C /* CXMLUnsupportedNode.m */ = {isa = PBXFileReference; fileEncoding = 4; lastKnownFileType = sourcecode.c.objc; path = CXMLUnsupportedNode.m; sourceTree = "<group>"; };
		9B6AAAE81FDE39080021FB5C /* CTidy.h */ = {isa = PBXFileReference; fileEncoding = 4; lastKnownFileType = sourcecode.c.h; path = CTidy.h; sourceTree = "<group>"; };
		9B6AAAE91FDE39080021FB5C /* CTidy.m */ = {isa = PBXFileReference; fileEncoding = 4; lastKnownFileType = sourcecode.c.objc; path = CTidy.m; sourceTree = "<group>"; };
		9B6AAAEA1FDE39080021FB5C /* TouchXML.h */ = {isa = PBXFileReference; fileEncoding = 4; lastKnownFileType = sourcecode.c.h; path = TouchXML.h; sourceTree = "<group>"; };
		9B6AAAEB1FDE39080021FB5C /* UIImage+ImageEffects.h */ = {isa = PBXFileReference; fileEncoding = 4; lastKnownFileType = sourcecode.c.h; path = "UIImage+ImageEffects.h"; sourceTree = "<group>"; };
		9B6AAAEC1FDE39080021FB5C /* UIImage+ImageEffects.m */ = {isa = PBXFileReference; fileEncoding = 4; lastKnownFileType = sourcecode.c.objc; path = "UIImage+ImageEffects.m"; sourceTree = "<group>"; };
		9B6AAAED1FDE39080021FB5C /* UIView+XDSHyperLink.h */ = {isa = PBXFileReference; fileEncoding = 4; lastKnownFileType = sourcecode.c.h; path = "UIView+XDSHyperLink.h"; sourceTree = "<group>"; };
		9B6AAAEE1FDE39080021FB5C /* UIView+XDSHyperLink.m */ = {isa = PBXFileReference; fileEncoding = 4; lastKnownFileType = sourcecode.c.objc; path = "UIView+XDSHyperLink.m"; sourceTree = "<group>"; };
		9B6AAAF01FDE39080021FB5C /* XDSBookModel.h */ = {isa = PBXFileReference; fileEncoding = 4; lastKnownFileType = sourcecode.c.h; path = XDSBookModel.h; sourceTree = "<group>"; };
		9B6AAAF11FDE39080021FB5C /* XDSBookModel.m */ = {isa = PBXFileReference; fileEncoding = 4; lastKnownFileType = sourcecode.c.objc; path = XDSBookModel.m; sourceTree = "<group>"; };
		9B6AAAF21FDE39080021FB5C /* XDSChapterModel.h */ = {isa = PBXFileReference; fileEncoding = 4; lastKnownFileType = sourcecode.c.h; path = XDSChapterModel.h; sourceTree = "<group>"; };
		9B6AAAF31FDE39080021FB5C /* XDSChapterModel.m */ = {isa = PBXFileReference; fileEncoding = 4; lastKnownFileType = sourcecode.c.objc; path = XDSChapterModel.m; sourceTree = "<group>"; };
		9B6AAAF41FDE39080021FB5C /* XDSMarkModel.h */ = {isa = PBXFileReference; fileEncoding = 4; lastKnownFileType = sourcecode.c.h; path = XDSMarkModel.h; sourceTree = "<group>"; };
		9B6AAAF51FDE39080021FB5C /* XDSMarkModel.m */ = {isa = PBXFileReference; fileEncoding = 4; lastKnownFileType = sourcecode.c.objc; path = XDSMarkModel.m; sourceTree = "<group>"; };
		9B6AAAF61FDE39080021FB5C /* XDSNoteModel.h */ = {isa = PBXFileReference; fileEncoding = 4; lastKnownFileType = sourcecode.c.h; path = XDSNoteModel.h; sourceTree = "<group>"; };
		9B6AAAF71FDE39080021FB5C /* XDSNoteModel.m */ = {isa = PBXFileReference; fileEncoding = 4; lastKnownFileType = sourcecode.c.objc; path = XDSNoteModel.m; sourceTree = "<group>"; };
		9B6AAAF81FDE39080021FB5C /* XDSRecordModel.h */ = {isa = PBXFileReference; fileEncoding = 4; lastKnownFileType = sourcecode.c.h; path = XDSRecordModel.h; sourceTree = "<group>"; };
		9B6AAAF91FDE39080021FB5C /* XDSRecordModel.m */ = {isa = PBXFileReference; fileEncoding = 4; lastKnownFileType = sourcecode.c.objc; path = XDSRecordModel.m; sourceTree = "<group>"; };
		9B6AAAFB1FDE39080021FB5C /* water_mode_bg@2x.png */ = {isa = PBXFileReference; lastKnownFileType = image.png; path = "water_mode_bg@2x.png"; sourceTree = "<group>"; };
		9B6AAAFC1FDE39080021FB5C /* water_mode_bg@3x.png */ = {isa = PBXFileReference; lastKnownFileType = image.png; path = "water_mode_bg@3x.png"; sourceTree = "<group>"; };
		9B6AAB011FDE39080021FB5C /* XDSReaderDelegate.h */ = {isa = PBXFileReference; fileEncoding = 4; lastKnownFileType = sourcecode.c.h; path = XDSReaderDelegate.h; sourceTree = "<group>"; };
		9B6AAB021FDE39080021FB5C /* XDSReaderGlobleConst.h */ = {isa = PBXFileReference; fileEncoding = 4; lastKnownFileType = sourcecode.c.h; path = XDSReaderGlobleConst.h; sourceTree = "<group>"; };
		9B6AAB031FDE39080021FB5C /* XDSReaderGlobleConst.m */ = {isa = PBXFileReference; fileEncoding = 4; lastKnownFileType = sourcecode.c.objc; path = XDSReaderGlobleConst.m; sourceTree = "<group>"; };
		9B6AAB041FDE39080021FB5C /* XDSReaderUtil.h */ = {isa = PBXFileReference; fileEncoding = 4; lastKnownFileType = sourcecode.c.h; path = XDSReaderUtil.h; sourceTree = "<group>"; };
		9B6AAB051FDE39080021FB5C /* XDSReaderUtil.m */ = {isa = PBXFileReference; fileEncoding = 4; lastKnownFileType = sourcecode.c.objc; path = XDSReaderUtil.m; sourceTree = "<group>"; };
		9B6AAB071FDE39080021FB5C /* UIControl+XDSHyperLink.h */ = {isa = PBXFileReference; fileEncoding = 4; lastKnownFileType = sourcecode.c.h; path = "UIControl+XDSHyperLink.h"; sourceTree = "<group>"; };
		9B6AAB081FDE39080021FB5C /* UIControl+XDSHyperLink.m */ = {isa = PBXFileReference; fileEncoding = 4; lastKnownFileType = sourcecode.c.objc; path = "UIControl+XDSHyperLink.m"; sourceTree = "<group>"; };
		9B6AAB091FDE39080021FB5C /* XDSMagnifierView.h */ = {isa = PBXFileReference; fileEncoding = 4; lastKnownFileType = sourcecode.c.h; path = XDSMagnifierView.h; sourceTree = "<group>"; };
		9B6AAB0A1FDE39080021FB5C /* XDSMagnifierView.m */ = {isa = PBXFileReference; fileEncoding = 4; lastKnownFileType = sourcecode.c.objc; path = XDSMagnifierView.m; sourceTree = "<group>"; };
		9B6AAB0B1FDE39080021FB5C /* XDSReadView.h */ = {isa = PBXFileReference; fileEncoding = 4; lastKnownFileType = sourcecode.c.h; path = XDSReadView.h; sourceTree = "<group>"; };
		9B6AAB0C1FDE39080021FB5C /* XDSReadView.m */ = {isa = PBXFileReference; fileEncoding = 4; lastKnownFileType = sourcecode.c.objc; path = XDSReadView.m; sourceTree = "<group>"; };
		9B6AAB0E1FDE39080021FB5C /* XDSPhotoBrowser.h */ = {isa = PBXFileReference; fileEncoding = 4; lastKnownFileType = sourcecode.c.h; path = XDSPhotoBrowser.h; sourceTree = "<group>"; };
		9B6AAB0F1FDE39080021FB5C /* XDSPhotoBrowser.m */ = {isa = PBXFileReference; fileEncoding = 4; lastKnownFileType = sourcecode.c.objc; path = XDSPhotoBrowser.m; sourceTree = "<group>"; };
		9B6AAB101FDE39080021FB5C /* XDSReadPageViewController.h */ = {isa = PBXFileReference; fileEncoding = 4; lastKnownFileType = sourcecode.c.h; path = XDSReadPageViewController.h; sourceTree = "<group>"; };
		9B6AAB111FDE39080021FB5C /* XDSReadPageViewController.m */ = {isa = PBXFileReference; fileEncoding = 4; lastKnownFileType = sourcecode.c.objc; path = XDSReadPageViewController.m; sourceTree = "<group>"; };
		9B6AAB121FDE39080021FB5C /* XDSReadViewController.h */ = {isa = PBXFileReference; fileEncoding = 4; lastKnownFileType = sourcecode.c.h; path = XDSReadViewController.h; sourceTree = "<group>"; };
		9B6AAB131FDE39080021FB5C /* XDSReadViewController.m */ = {isa = PBXFileReference; fileEncoding = 4; lastKnownFileType = sourcecode.c.objc; path = XDSReadViewController.m; sourceTree = "<group>"; };
		9B6AAB141FDE39080021FB5C /* XDSReaderHeader.h */ = {isa = PBXFileReference; fileEncoding = 4; lastKnownFileType = sourcecode.c.h; path = XDSReaderHeader.h; sourceTree = "<group>"; };
		9B6AAB171FDE39080021FB5C /* XDSCatalogueTabBarController.h */ = {isa = PBXFileReference; fileEncoding = 4; lastKnownFileType = sourcecode.c.h; path = XDSCatalogueTabBarController.h; sourceTree = "<group>"; };
		9B6AAB181FDE39090021FB5C /* XDSCatalogueTabBarController.m */ = {isa = PBXFileReference; fileEncoding = 4; lastKnownFileType = sourcecode.c.objc; path = XDSCatalogueTabBarController.m; sourceTree = "<group>"; };
		9B6AAB191FDE39090021FB5C /* XDSCatalogueView.h */ = {isa = PBXFileReference; fileEncoding = 4; lastKnownFileType = sourcecode.c.h; path = XDSCatalogueView.h; sourceTree = "<group>"; };
		9B6AAB1A1FDE39090021FB5C /* XDSCatalogueView.m */ = {isa = PBXFileReference; fileEncoding = 4; lastKnownFileType = sourcecode.c.objc; path = XDSCatalogueView.m; sourceTree = "<group>"; };
		9B6AAB1B1FDE39090021FB5C /* XDSCatalogueViewController.h */ = {isa = PBXFileReference; fileEncoding = 4; lastKnownFileType = sourcecode.c.h; path = XDSCatalogueViewController.h; sourceTree = "<group>"; };
		9B6AAB1C1FDE39090021FB5C /* XDSCatalogueViewController.m */ = {isa = PBXFileReference; fileEncoding = 4; lastKnownFileType = sourcecode.c.objc; path = XDSCatalogueViewController.m; sourceTree = "<group>"; };
		9B6AAB1D1FDE39090021FB5C /* XDSMarkViewController.h */ = {isa = PBXFileReference; fileEncoding = 4; lastKnownFileType = sourcecode.c.h; path = XDSMarkViewController.h; sourceTree = "<group>"; };
		9B6AAB1E1FDE39090021FB5C /* XDSMarkViewController.m */ = {isa = PBXFileReference; fileEncoding = 4; lastKnownFileType = sourcecode.c.objc; path = XDSMarkViewController.m; sourceTree = "<group>"; };
		9B6AAB1F1FDE39090021FB5C /* XDSNoDataView.h */ = {isa = PBXFileReference; fileEncoding = 4; lastKnownFileType = sourcecode.c.h; path = XDSNoDataView.h; sourceTree = "<group>"; };
		9B6AAB201FDE39090021FB5C /* XDSNoDataView.m */ = {isa = PBXFileReference; fileEncoding = 4; lastKnownFileType = sourcecode.c.objc; path = XDSNoDataView.m; sourceTree = "<group>"; };
		9B6AAB211FDE39090021FB5C /* XDSNoDataView.xib */ = {isa = PBXFileReference; fileEncoding = 4; lastKnownFileType = file.xib; path = XDSNoDataView.xib; sourceTree = "<group>"; };
		9B6AAB221FDE39090021FB5C /* XDSNoteCell.h */ = {isa = PBXFileReference; fileEncoding = 4; lastKnownFileType = sourcecode.c.h; path = XDSNoteCell.h; sourceTree = "<group>"; };
		9B6AAB231FDE39090021FB5C /* XDSNoteCell.m */ = {isa = PBXFileReference; fileEncoding = 4; lastKnownFileType = sourcecode.c.objc; path = XDSNoteCell.m; sourceTree = "<group>"; };
		9B6AAB241FDE39090021FB5C /* XDSNoteViewController.h */ = {isa = PBXFileReference; fileEncoding = 4; lastKnownFileType = sourcecode.c.h; path = XDSNoteViewController.h; sourceTree = "<group>"; };
		9B6AAB251FDE39090021FB5C /* XDSNoteViewController.m */ = {isa = PBXFileReference; fileEncoding = 4; lastKnownFileType = sourcecode.c.objc; path = XDSNoteViewController.m; sourceTree = "<group>"; };
		9B6AAB261FDE39090021FB5C /* XDSHaloButton.h */ = {isa = PBXFileReference; fileEncoding = 4; lastKnownFileType = sourcecode.c.h; path = XDSHaloButton.h; sourceTree = "<group>"; };
		9B6AAB271FDE39090021FB5C /* XDSHaloButton.m */ = {isa = PBXFileReference; fileEncoding = 4; lastKnownFileType = sourcecode.c.objc; path = XDSHaloButton.m; sourceTree = "<group>"; };
		9B6AAB281FDE39090021FB5C /* XDSLightView.h */ = {isa = PBXFileReference; fileEncoding = 4; lastKnownFileType = sourcecode.c.h; path = XDSLightView.h; sourceTree = "<group>"; };
		9B6AAB291FDE39090021FB5C /* XDSLightView.m */ = {isa = PBXFileReference; fileEncoding = 4; lastKnownFileType = sourcecode.c.objc; path = XDSLightView.m; sourceTree = "<group>"; };
		9B6AAB2A1FDE39090021FB5C /* XDSMenuBottomView.h */ = {isa = PBXFileReference; fileEncoding = 4; lastKnownFileType = sourcecode.c.h; path = XDSMenuBottomView.h; sourceTree = "<group>"; };
		9B6AAB2B1FDE39090021FB5C /* XDSMenuBottomView.m */ = {isa = PBXFileReference; fileEncoding = 4; lastKnownFileType = sourcecode.c.objc; path = XDSMenuBottomView.m; sourceTree = "<group>"; };
		9B6AAB2C1FDE39090021FB5C /* XDSMenuTopView.h */ = {isa = PBXFileReference; fileEncoding = 4; lastKnownFileType = sourcecode.c.h; path = XDSMenuTopView.h; sourceTree = "<group>"; };
		9B6AAB2D1FDE39090021FB5C /* XDSMenuTopView.m */ = {isa = PBXFileReference; fileEncoding = 4; lastKnownFileType = sourcecode.c.objc; path = XDSMenuTopView.m; sourceTree = "<group>"; };
		9B6AAB2E1FDE39090021FB5C /* XDSReadMenu.h */ = {isa = PBXFileReference; fileEncoding = 4; lastKnownFileType = sourcecode.c.h; path = XDSReadMenu.h; sourceTree = "<group>"; };
		9B6AAB2F1FDE39090021FB5C /* XDSReadMenu.m */ = {isa = PBXFileReference; fileEncoding = 4; lastKnownFileType = sourcecode.c.objc; path = XDSReadMenu.m; sourceTree = "<group>"; };
		9B6AAB301FDE39090021FB5C /* XDSReadMenu.xcassets */ = {isa = PBXFileReference; lastKnownFileType = folder.assetcatalog; path = XDSReadMenu.xcassets; sourceTree = "<group>"; };
		9B6AAB311FDE39090021FB5C /* XDSReadRootView.h */ = {isa = PBXFileReference; fileEncoding = 4; lastKnownFileType = sourcecode.c.h; path = XDSReadRootView.h; sourceTree = "<group>"; };
		9B6AAB321FDE39090021FB5C /* XDSReadRootView.m */ = {isa = PBXFileReference; fileEncoding = 4; lastKnownFileType = sourcecode.c.objc; path = XDSReadRootView.m; sourceTree = "<group>"; };
		9B6AAB331FDE39090021FB5C /* XDSReadSettingView.h */ = {isa = PBXFileReference; fileEncoding = 4; lastKnownFileType = sourcecode.c.h; path = XDSReadSettingView.h; sourceTree = "<group>"; };
		9B6AAB341FDE39090021FB5C /* XDSReadSettingView.m */ = {isa = PBXFileReference; fileEncoding = 4; lastKnownFileType = sourcecode.c.objc; path = XDSReadSettingView.m; sourceTree = "<group>"; };
		9B6AAB351FDE39090021FB5C /* XDSReadViewConst.h */ = {isa = PBXFileReference; fileEncoding = 4; lastKnownFileType = sourcecode.c.h; path = XDSReadViewConst.h; sourceTree = "<group>"; };
		9B6AAB361FDE39090021FB5C /* XDSReadViewConst.m */ = {isa = PBXFileReference; fileEncoding = 4; lastKnownFileType = sourcecode.c.objc; path = XDSReadViewConst.m; sourceTree = "<group>"; };
		9B6AAB381FDE39090021FB5C /* UIView+YGPulseView.h */ = {isa = PBXFileReference; fileEncoding = 4; lastKnownFileType = sourcecode.c.h; path = "UIView+YGPulseView.h"; sourceTree = "<group>"; };
		9B6AAB391FDE39090021FB5C /* UIView+YGPulseView.m */ = {isa = PBXFileReference; fileEncoding = 4; lastKnownFileType = sourcecode.c.objc; path = "UIView+YGPulseView.m"; sourceTree = "<group>"; };
		9B6AAB3B1FDE39090021FB5C /* 华文彩云.ttf */ = {isa = PBXFileReference; lastKnownFileType = file; path = "华文彩云.ttf"; sourceTree = "<group>"; };
		9B6AAB3C1FDE39090021FB5C /* 华文新魏.ttf */ = {isa = PBXFileReference; lastKnownFileType = file; path = "华文新魏.ttf"; sourceTree = "<group>"; };
		9B6AAB3D1FDE39090021FB5C /* 华文琥珀.ttf */ = {isa = PBXFileReference; lastKnownFileType = file; path = "华文琥珀.ttf"; sourceTree = "<group>"; };
		9B6AAB3E1FDE39090021FB5C /* 华文行楷.ttf */ = {isa = PBXFileReference; lastKnownFileType = file; path = "华文行楷.ttf"; sourceTree = "<group>"; };
		9B6AAB7C1FDE55C80021FB5C /* 简介.txt */ = {isa = PBXFileReference; fileEncoding = 4; lastKnownFileType = text; path = "简介.txt"; sourceTree = "<group>"; };
		9B9D65AC1FE3AA59007263FE /* MeViewCell.h */ = {isa = PBXFileReference; lastKnownFileType = sourcecode.c.h; path = MeViewCell.h; sourceTree = "<group>"; };
		9B9D65AD1FE3AA59007263FE /* MeViewCell.m */ = {isa = PBXFileReference; lastKnownFileType = sourcecode.c.objc; path = MeViewCell.m; sourceTree = "<group>"; };
		9B9D65AF1FE3AB0F007263FE /* MeModel.h */ = {isa = PBXFileReference; lastKnownFileType = sourcecode.c.h; path = MeModel.h; sourceTree = "<group>"; };
		9B9D65B01FE3AB0F007263FE /* MeModel.m */ = {isa = PBXFileReference; lastKnownFileType = sourcecode.c.objc; path = MeModel.m; sourceTree = "<group>"; };
		9B9D65B41FE76405007263FE /* HeaderView.h */ = {isa = PBXFileReference; lastKnownFileType = sourcecode.c.h; path = HeaderView.h; sourceTree = "<group>"; };
		9B9D65B51FE76405007263FE /* HeaderView.m */ = {isa = PBXFileReference; lastKnownFileType = sourcecode.c.objc; path = HeaderView.m; sourceTree = "<group>"; };
		9B9D65B91FE76EC2007263FE /* UIColor+ColorChange.h */ = {isa = PBXFileReference; lastKnownFileType = sourcecode.c.h; path = "UIColor+ColorChange.h"; sourceTree = "<group>"; };
		9B9D65BA1FE76EC2007263FE /* UIColor+ColorChange.m */ = {isa = PBXFileReference; lastKnownFileType = sourcecode.c.objc; path = "UIColor+ColorChange.m"; sourceTree = "<group>"; };
		9B9D65C41FE7909E007263FE /* haoping@3x.png */ = {isa = PBXFileReference; lastKnownFileType = image.png; path = "haoping@3x.png"; sourceTree = "<group>"; };
		9B9D65C51FE7909E007263FE /* headerIcon@3x.png */ = {isa = PBXFileReference; lastKnownFileType = image.png; path = "headerIcon@3x.png"; sourceTree = "<group>"; };
		9B9D65C61FE7909E007263FE /* headerImage@3x.png */ = {isa = PBXFileReference; lastKnownFileType = image.png; path = "headerImage@3x.png"; sourceTree = "<group>"; };
		9B9D65C71FE7909E007263FE /* lianxi@3x.png */ = {isa = PBXFileReference; lastKnownFileType = image.png; path = "lianxi@3x.png"; sourceTree = "<group>"; };
		9B9D65C81FE7909E007263FE /* shezhi@3x.png */ = {isa = PBXFileReference; lastKnownFileType = image.png; path = "shezhi@3x.png"; sourceTree = "<group>"; };
		9B9D65D51FE79A23007263FE /* gerenzhongxin@3x.png */ = {isa = PBXFileReference; lastKnownFileType = image.png; path = "gerenzhongxin@3x.png"; sourceTree = "<group>"; };
		9B9D65D61FE79A23007263FE /* gerenzhongxin_xuanzhong@3x.png */ = {isa = PBXFileReference; lastKnownFileType = image.png; path = "gerenzhongxin_xuanzhong@3x.png"; sourceTree = "<group>"; };
		9B9D65D71FE79A23007263FE /* shangcheng@3x.png */ = {isa = PBXFileReference; lastKnownFileType = image.png; path = "shangcheng@3x.png"; sourceTree = "<group>"; };
		9B9D65D81FE79A23007263FE /* shangcheng_xuanzhong@3x.png */ = {isa = PBXFileReference; lastKnownFileType = image.png; path = "shangcheng_xuanzhong@3x.png"; sourceTree = "<group>"; };
		9B9D65D91FE79A23007263FE /* shouye@3x.png */ = {isa = PBXFileReference; lastKnownFileType = image.png; path = "shouye@3x.png"; sourceTree = "<group>"; };
		9B9D65DA1FE79A23007263FE /* shouye_xuanzhong@3x.png */ = {isa = PBXFileReference; lastKnownFileType = image.png; path = "shouye_xuanzhong@3x.png"; sourceTree = "<group>"; };
		9B9D65E21FE79A2B007263FE /* 1@3x.png */ = {isa = PBXFileReference; lastKnownFileType = image.png; path = "1@3x.png"; sourceTree = "<group>"; };
		9B9D65EC1FE79DFD007263FE /* ViewController.h */ = {isa = PBXFileReference; fileEncoding = 4; lastKnownFileType = sourcecode.c.h; path = ViewController.h; sourceTree = "<group>"; };
		9B9D65ED1FE79DFD007263FE /* ViewController.m */ = {isa = PBXFileReference; fileEncoding = 4; lastKnownFileType = sourcecode.c.objc; path = ViewController.m; sourceTree = "<group>"; };
		9B9D65F01FE79E08007263FE /* EmailViewController.h */ = {isa = PBXFileReference; fileEncoding = 4; lastKnownFileType = sourcecode.c.h; path = EmailViewController.h; sourceTree = "<group>"; };
		9B9D65F11FE79E08007263FE /* EmailViewController.m */ = {isa = PBXFileReference; fileEncoding = 4; lastKnownFileType = sourcecode.c.objc; path = EmailViewController.m; sourceTree = "<group>"; };
		9B9D65F31FE79E08007263FE /* MeViewController.h */ = {isa = PBXFileReference; fileEncoding = 4; lastKnownFileType = sourcecode.c.h; path = MeViewController.h; sourceTree = "<group>"; };
		9B9D65F41FE79E08007263FE /* MeViewController.m */ = {isa = PBXFileReference; fileEncoding = 4; lastKnownFileType = sourcecode.c.objc; path = MeViewController.m; sourceTree = "<group>"; };
		9B9D65F71FE7A9C6007263FE /* 使用说明2@3x.png */ = {isa = PBXFileReference; lastKnownFileType = image.png; path = "使用说明2@3x.png"; sourceTree = "<group>"; };
		9B9D65F81FE7A9C6007263FE /* 使用说明@3x.png */ = {isa = PBXFileReference; lastKnownFileType = image.png; path = "使用说明@3x.png"; sourceTree = "<group>"; };
		9B9D65FF1FE7BCE8007263FE /* 叉号.png */ = {isa = PBXFileReference; lastKnownFileType = image.png; path = "叉号.png"; sourceTree = "<group>"; };
		AC32DA111449274B54930039 /* libPods-阅读.a */ = {isa = PBXFileReference; explicitFileType = archive.ar; includeInIndex = 0; path = "libPods-阅读.a"; sourceTree = BUILT_PRODUCTS_DIR; };
		AC5E3D5A91FB31A0C9C5B8F9 /* Pods-阅读.release.xcconfig */ = {isa = PBXFileReference; includeInIndex = 1; lastKnownFileType = text.xcconfig; name = "Pods-阅读.release.xcconfig"; path = "Pods/Target Support Files/Pods-阅读/Pods-阅读.release.xcconfig"; sourceTree = "<group>"; };
		FBF49E70B6EC81D42CE1AF4D /* Pods-阅读.debug.xcconfig */ = {isa = PBXFileReference; includeInIndex = 1; lastKnownFileType = text.xcconfig; name = "Pods-阅读.debug.xcconfig"; path = "Pods/Target Support Files/Pods-阅读/Pods-阅读.debug.xcconfig"; sourceTree = "<group>"; };
/* End PBXFileReference section */

/* Begin PBXFrameworksBuildPhase section */
		9B30A81F1FCCFB80007E43CD /* Frameworks */ = {
			isa = PBXFrameworksBuildPhase;
			buildActionMask = 2147483647;
			files = (
				3CDB23E5DC7300CDE7DCBADF /* libPods-阅读.a in Frameworks */,
				9B30A9CB1FCD4B65007E43CD /* libz.tbd in Frameworks */,
			);
			runOnlyForDeploymentPostprocessing = 0;
		};
/* End PBXFrameworksBuildPhase section */

/* Begin PBXGroup section */
		6B2D646ED29BF9CC4D8D41B0 /* Frameworks */ = {
			isa = PBXGroup;
			children = (
				9B30A9CA1FCD4B65007E43CD /* libz.tbd */,
				AC32DA111449274B54930039 /* libPods-阅读.a */,
			);
			name = Frameworks;
			sourceTree = "<group>";
		};
		9B21950C1FD791C6000059E5 /* Main */ = {
			isa = PBXGroup;
			children = (
				9B2D402F1FDE620D00FD61E1 /* TabBar */,
				9B21950D1FD791C6000059E5 /* AppD */,
				9B2195101FD791C6000059E5 /* PrefixHeader.pch */,
			);
			path = Main;
			sourceTree = "<group>";
		};
		9B21950D1FD791C6000059E5 /* AppD */ = {
			isa = PBXGroup;
			children = (
				9B21950E1FD791C6000059E5 /* AppDelegate.h */,
				9B21950F1FD791C6000059E5 /* AppDelegate.m */,
			);
			path = AppD;
			sourceTree = "<group>";
		};
		9B2195111FD791C6000059E5 /* Other */ = {
			isa = PBXGroup;
			children = (
				9B9D65FF1FE7BCE8007263FE /* 叉号.png */,
				9B9D65D31FE79A23007263FE /* TabbarImage */,
				9B9D65C31FE7909E007263FE /* MeCellImage */,
				9B30A82B1FCCFB80007E43CD /* Main.storyboard */,
				9B30A8331FCCFB80007E43CD /* LaunchScreen.storyboard */,
				9B30A82E1FCCFB80007E43CD /* __.xcdatamodeld */,
				9B2195121FD791C6000059E5 /* Assets.xcassets */,
				9B2195131FD791C6000059E5 /* main.m */,
			);
			path = Other;
			sourceTree = "<group>";
		};
		9B2D402F1FDE620D00FD61E1 /* TabBar */ = {
			isa = PBXGroup;
			children = (
				9B2D40311FDE626000FD61E1 /* LeeTabBarController.h */,
				9B2D40301FDE625F00FD61E1 /* LeeTabBarController.m */,
			);
			path = TabBar;
			sourceTree = "<group>";
		};
		9B2D40331FDE630D00FD61E1 /* IntroduceController */ = {
			isa = PBXGroup;
			children = (
				9B2D40341FDE630D00FD61E1 /* Controller */,
				9B2D40351FDE630D00FD61E1 /* Model */,
				9B2D40361FDE630D00FD61E1 /* View */,
			);
			path = IntroduceController;
			sourceTree = "<group>";
		};
		9B2D40341FDE630D00FD61E1 /* Controller */ = {
			isa = PBXGroup;
			children = (
				9B2D403B1FDE632200FD61E1 /* IntroduceViewController.h */,
				9B2D403C1FDE632200FD61E1 /* IntroduceViewController.m */,
			);
			path = Controller;
			sourceTree = "<group>";
		};
		9B2D40351FDE630D00FD61E1 /* Model */ = {
			isa = PBXGroup;
			children = (
			);
			path = Model;
			sourceTree = "<group>";
		};
		9B2D40361FDE630D00FD61E1 /* View */ = {
			isa = PBXGroup;
			children = (
			);
			path = View;
			sourceTree = "<group>";
		};
		9B2D40371FDE630D00FD61E1 /* MeController */ = {
			isa = PBXGroup;
			children = (
				9B2D40381FDE630D00FD61E1 /* Controller */,
				9B2D40391FDE630D00FD61E1 /* Model */,
				9B2D403A1FDE630D00FD61E1 /* View */,
			);
			path = MeController;
			sourceTree = "<group>";
		};
		9B2D40381FDE630D00FD61E1 /* Controller */ = {
			isa = PBXGroup;
			children = (
				9B9D65EF1FE79E08007263FE /* EmailController */,
				9B9D65F21FE79E08007263FE /* MeController */,
			);
			path = Controller;
			sourceTree = "<group>";
		};
		9B2D40391FDE630D00FD61E1 /* Model */ = {
			isa = PBXGroup;
			children = (
				9B9D65AF1FE3AB0F007263FE /* MeModel.h */,
				9B9D65B01FE3AB0F007263FE /* MeModel.m */,
			);
			path = Model;
			sourceTree = "<group>";
		};
		9B2D403A1FDE630D00FD61E1 /* View */ = {
			isa = PBXGroup;
			children = (
				9B9D65AC1FE3AA59007263FE /* MeViewCell.h */,
				9B9D65AD1FE3AA59007263FE /* MeViewCell.m */,
				9B9D65B41FE76405007263FE /* HeaderView.h */,
				9B9D65B51FE76405007263FE /* HeaderView.m */,
			);
			path = View;
			sourceTree = "<group>";
		};
		9B2D40411FDE70F300FD61E1 /* TYAttributedLabel */ = {
			isa = PBXGroup;
			children = (
				9B2D40421FDE70F300FD61E1 /* NSMutableAttributedString+TY.h */,
				9B2D40431FDE70F300FD61E1 /* NSMutableAttributedString+TY.m */,
				9B2D40441FDE70F300FD61E1 /* TYAttributedLabel.h */,
				9B2D40451FDE70F300FD61E1 /* TYAttributedLabel.m */,
				9B2D40461FDE70F300FD61E1 /* TYDrawStorage.h */,
				9B2D40471FDE70F300FD61E1 /* TYDrawStorage.m */,
				9B2D40481FDE70F300FD61E1 /* TYImageCache.h */,
				9B2D40491FDE70F300FD61E1 /* TYImageCache.m */,
				9B2D404A1FDE70F300FD61E1 /* TYImageStorage.h */,
				9B2D404B1FDE70F300FD61E1 /* TYImageStorage.m */,
				9B2D404C1FDE70F300FD61E1 /* TYLinkTextStorage.h */,
				9B2D404D1FDE70F300FD61E1 /* TYLinkTextStorage.m */,
				9B2D404E1FDE70F300FD61E1 /* TYTextContainer+Extended.m */,
				9B2D404F1FDE70F300FD61E1 /* TYTextContainer.h */,
				9B2D40501FDE70F300FD61E1 /* TYTextContainer.m */,
				9B2D40511FDE70F300FD61E1 /* TYTextStorage.h */,
				9B2D40521FDE70F300FD61E1 /* TYTextStorage.m */,
				9B2D40531FDE70F300FD61E1 /* TYTextStorageProtocol.h */,
				9B2D40541FDE70F300FD61E1 /* TYViewStorage.h */,
				9B2D40551FDE70F300FD61E1 /* TYViewStorage.m */,
			);
			path = TYAttributedLabel;
			sourceTree = "<group>";
		};
		9B30A8191FCCFB80007E43CD = {
			isa = PBXGroup;
			children = (
				9B30A8241FCCFB80007E43CD /* 阅读 */,
				9B30A8231FCCFB80007E43CD /* Products */,
				EF7139867CD5EFB5B93C2938 /* Pods */,
				6B2D646ED29BF9CC4D8D41B0 /* Frameworks */,
			);
			sourceTree = "<group>";
		};
		9B30A8231FCCFB80007E43CD /* Products */ = {
			isa = PBXGroup;
			children = (
				9B30A8221FCCFB80007E43CD /* 阅读.app */,
			);
			name = Products;
			sourceTree = "<group>";
		};
		9B30A8241FCCFB80007E43CD /* 阅读 */ = {
			isa = PBXGroup;
			children = (
				9B2D40331FDE630D00FD61E1 /* IntroduceController */,
				9B2D40371FDE630D00FD61E1 /* MeController */,
				9B30A83E1FCCFEE9007E43CD /* MainController */,
				9B3C50221FCD608700E52CA0 /* Class */,
				9B21950C1FD791C6000059E5 /* Main */,
				9B2195111FD791C6000059E5 /* Other */,
				9B30A8361FCCFB80007E43CD /* Info.plist */,
			);
			path = "阅读";
			sourceTree = "<group>";
		};
		9B30A83E1FCCFEE9007E43CD /* MainController */ = {
			isa = PBXGroup;
			children = (
				9B30A83F1FCCFEE9007E43CD /* Controller */,
				9B30A8421FCCFEE9007E43CD /* Model */,
				9B30A8431FCCFEE9007E43CD /* View */,
			);
			path = MainController;
			sourceTree = "<group>";
		};
		9B30A83F1FCCFEE9007E43CD /* Controller */ = {
			isa = PBXGroup;
			children = (
				9B9D65EC1FE79DFD007263FE /* ViewController.h */,
				9B9D65ED1FE79DFD007263FE /* ViewController.m */,
			);
			path = Controller;
			sourceTree = "<group>";
		};
		9B30A8421FCCFEE9007E43CD /* Model */ = {
			isa = PBXGroup;
			children = (
				9B6AAB7C1FDE55C80021FB5C /* 简介.txt */,
			);
			path = Model;
			sourceTree = "<group>";
		};
		9B30A8431FCCFEE9007E43CD /* View */ = {
			isa = PBXGroup;
			children = (
				9B30A8451FCCFF36007E43CD /* MainViewCell.h */,
				9B30A8461FCCFF36007E43CD /* MainViewCell.m */,
				9B30A8471FCCFF36007E43CD /* MainViewCell.xib */,
			);
			path = View;
			sourceTree = "<group>";
		};
		9B3C50221FCD608700E52CA0 /* Class */ = {
			isa = PBXGroup;
			children = (
				9B9D65BC1FE76EE9007263FE /* Color */,
				9B2D40411FDE70F300FD61E1 /* TYAttributedLabel */,
				9B6AAB3A1FDE39090021FB5C /* 华文字体 */,
				9B6AAABD1FDE39080021FB5C /* XDSReaderKit */,
				9B6AAB151FDE39080021FB5C /* XDSReadMenu */,
			);
			path = Class;
			sourceTree = "<group>";
		};
		9B6AAABD1FDE39080021FB5C /* XDSReaderKit */ = {
			isa = PBXGroup;
			children = (
				9B6AAABE1FDE39080021FB5C /* Core */,
				9B6AAAC51FDE39080021FB5C /* External */,
				9B6AAAEF1FDE39080021FB5C /* Model */,
				9B6AAAFA1FDE39080021FB5C /* Resource */,
				9B6AAB001FDE39080021FB5C /* Util */,
				9B6AAB061FDE39080021FB5C /* View */,
				9B6AAB0D1FDE39080021FB5C /* ViewController */,
				9B6AAB141FDE39080021FB5C /* XDSReaderHeader.h */,
			);
			path = XDSReaderKit;
			sourceTree = "<group>";
		};
		9B6AAABE1FDE39080021FB5C /* Core */ = {
			isa = PBXGroup;
			children = (
				9B6AAABF1FDE39080021FB5C /* XDSReadConfig.h */,
				9B6AAAC01FDE39080021FB5C /* XDSReadConfig.m */,
				9B6AAAC11FDE39080021FB5C /* XDSReadManager.h */,
				9B6AAAC21FDE39080021FB5C /* XDSReadManager.m */,
				9B6AAAC31FDE39080021FB5C /* XDSReadOperation.h */,
				9B6AAAC41FDE39080021FB5C /* XDSReadOperation.m */,
			);
			path = Core;
			sourceTree = "<group>";
		};
		9B6AAAC51FDE39080021FB5C /* External */ = {
			isa = PBXGroup;
			children = (
				9B6AAAC61FDE39080021FB5C /* GTMDefines.h */,
				9B6AAAC71FDE39080021FB5C /* GTMNSString+HTML.h */,
				9B6AAAC81FDE39080021FB5C /* GTMNSString+HTML.m */,
				9B6AAAC91FDE39080021FB5C /* NSString+HTML.h */,
				9B6AAACA1FDE39080021FB5C /* NSString+HTML.m */,
				9B6AAACB1FDE39080021FB5C /* TouchXML */,
				9B6AAAEB1FDE39080021FB5C /* UIImage+ImageEffects.h */,
				9B6AAAEC1FDE39080021FB5C /* UIImage+ImageEffects.m */,
				9B6AAAED1FDE39080021FB5C /* UIView+XDSHyperLink.h */,
				9B6AAAEE1FDE39080021FB5C /* UIView+XDSHyperLink.m */,
			);
			path = External;
			sourceTree = "<group>";
		};
		9B6AAACB1FDE39080021FB5C /* TouchXML */ = {
			isa = PBXGroup;
			children = (
				9B6AAACC1FDE39080021FB5C /* Creation */,
				9B6AAAD11FDE39080021FB5C /* CXHTMLDocument.h */,
				9B6AAAD21FDE39080021FB5C /* CXHTMLDocument.m */,
				9B6AAAD31FDE39080021FB5C /* CXMLDocument.h */,
				9B6AAAD41FDE39080021FB5C /* CXMLDocument.m */,
				9B6AAAD51FDE39080021FB5C /* CXMLDocument_PrivateExtensions.h */,
				9B6AAAD61FDE39080021FB5C /* CXMLDocument_PrivateExtensions.m */,
				9B6AAAD71FDE39080021FB5C /* CXMLElement.h */,
				9B6AAAD81FDE39080021FB5C /* CXMLElement.m */,
				9B6AAAD91FDE39080021FB5C /* CXMLElement_CreationExtensions.h */,
				9B6AAADA1FDE39080021FB5C /* CXMLElement_CreationExtensions.m */,
				9B6AAADB1FDE39080021FB5C /* CXMLElement_ElementTreeExtensions.h */,
				9B6AAADC1FDE39080021FB5C /* CXMLElement_ElementTreeExtensions.m */,
				9B6AAADD1FDE39080021FB5C /* CXMLNamespaceNode.h */,
				9B6AAADE1FDE39080021FB5C /* CXMLNamespaceNode.m */,
				9B6AAADF1FDE39080021FB5C /* CXMLNode.h */,
				9B6AAAE01FDE39080021FB5C /* CXMLNode.m */,
				9B6AAAE11FDE39080021FB5C /* CXMLNode_PrivateExtensions.h */,
				9B6AAAE21FDE39080021FB5C /* CXMLNode_PrivateExtensions.m */,
				9B6AAAE31FDE39080021FB5C /* CXMLNode_XPathExtensions.h */,
				9B6AAAE41FDE39080021FB5C /* CXMLNode_XPathExtensions.m */,
				9B6AAAE51FDE39080021FB5C /* CXMLUnsupportedNode.h */,
				9B6AAAE61FDE39080021FB5C /* CXMLUnsupportedNode.m */,
				9B6AAAE71FDE39080021FB5C /* Tidy */,
				9B6AAAEA1FDE39080021FB5C /* TouchXML.h */,
			);
			path = TouchXML;
			sourceTree = "<group>";
		};
		9B6AAACC1FDE39080021FB5C /* Creation */ = {
			isa = PBXGroup;
			children = (
				9B6AAACD1FDE39080021FB5C /* CXMLDocument_CreationExtensions.h */,
				9B6AAACE1FDE39080021FB5C /* CXMLDocument_CreationExtensions.m */,
				9B6AAACF1FDE39080021FB5C /* CXMLNode_CreationExtensions.h */,
				9B6AAAD01FDE39080021FB5C /* CXMLNode_CreationExtensions.m */,
			);
			path = Creation;
			sourceTree = "<group>";
		};
		9B6AAAE71FDE39080021FB5C /* Tidy */ = {
			isa = PBXGroup;
			children = (
				9B6AAAE81FDE39080021FB5C /* CTidy.h */,
				9B6AAAE91FDE39080021FB5C /* CTidy.m */,
			);
			path = Tidy;
			sourceTree = "<group>";
		};
		9B6AAAEF1FDE39080021FB5C /* Model */ = {
			isa = PBXGroup;
			children = (
				9B6AAAF01FDE39080021FB5C /* XDSBookModel.h */,
				9B6AAAF11FDE39080021FB5C /* XDSBookModel.m */,
				9B6AAAF21FDE39080021FB5C /* XDSChapterModel.h */,
				9B6AAAF31FDE39080021FB5C /* XDSChapterModel.m */,
				9B6AAAF41FDE39080021FB5C /* XDSMarkModel.h */,
				9B6AAAF51FDE39080021FB5C /* XDSMarkModel.m */,
				9B6AAAF61FDE39080021FB5C /* XDSNoteModel.h */,
				9B6AAAF71FDE39080021FB5C /* XDSNoteModel.m */,
				9B6AAAF81FDE39080021FB5C /* XDSRecordModel.h */,
				9B6AAAF91FDE39080021FB5C /* XDSRecordModel.m */,
			);
			path = Model;
			sourceTree = "<group>";
		};
		9B6AAAFA1FDE39080021FB5C /* Resource */ = {
			isa = PBXGroup;
			children = (
				9B6AAAFB1FDE39080021FB5C /* water_mode_bg@2x.png */,
				9B6AAAFC1FDE39080021FB5C /* water_mode_bg@3x.png */,
			);
			path = Resource;
			sourceTree = "<group>";
		};
		9B6AAB001FDE39080021FB5C /* Util */ = {
			isa = PBXGroup;
			children = (
				9B6AAB011FDE39080021FB5C /* XDSReaderDelegate.h */,
				9B6AAB021FDE39080021FB5C /* XDSReaderGlobleConst.h */,
				9B6AAB031FDE39080021FB5C /* XDSReaderGlobleConst.m */,
				9B6AAB041FDE39080021FB5C /* XDSReaderUtil.h */,
				9B6AAB051FDE39080021FB5C /* XDSReaderUtil.m */,
			);
			path = Util;
			sourceTree = "<group>";
		};
		9B6AAB061FDE39080021FB5C /* View */ = {
			isa = PBXGroup;
			children = (
				9B6AAB071FDE39080021FB5C /* UIControl+XDSHyperLink.h */,
				9B6AAB081FDE39080021FB5C /* UIControl+XDSHyperLink.m */,
				9B6AAB091FDE39080021FB5C /* XDSMagnifierView.h */,
				9B6AAB0A1FDE39080021FB5C /* XDSMagnifierView.m */,
				9B6AAB0B1FDE39080021FB5C /* XDSReadView.h */,
				9B6AAB0C1FDE39080021FB5C /* XDSReadView.m */,
			);
			path = View;
			sourceTree = "<group>";
		};
		9B6AAB0D1FDE39080021FB5C /* ViewController */ = {
			isa = PBXGroup;
			children = (
				9B6AAB0E1FDE39080021FB5C /* XDSPhotoBrowser.h */,
				9B6AAB0F1FDE39080021FB5C /* XDSPhotoBrowser.m */,
				9B6AAB101FDE39080021FB5C /* XDSReadPageViewController.h */,
				9B6AAB111FDE39080021FB5C /* XDSReadPageViewController.m */,
				9B6AAB121FDE39080021FB5C /* XDSReadViewController.h */,
				9B6AAB131FDE39080021FB5C /* XDSReadViewController.m */,
			);
			path = ViewController;
			sourceTree = "<group>";
		};
		9B6AAB151FDE39080021FB5C /* XDSReadMenu */ = {
			isa = PBXGroup;
			children = (
				9B6AAB161FDE39080021FB5C /* Catologue */,
				9B6AAB261FDE39090021FB5C /* XDSHaloButton.h */,
				9B6AAB271FDE39090021FB5C /* XDSHaloButton.m */,
				9B6AAB281FDE39090021FB5C /* XDSLightView.h */,
				9B6AAB291FDE39090021FB5C /* XDSLightView.m */,
				9B6AAB2A1FDE39090021FB5C /* XDSMenuBottomView.h */,
				9B6AAB2B1FDE39090021FB5C /* XDSMenuBottomView.m */,
				9B6AAB2C1FDE39090021FB5C /* XDSMenuTopView.h */,
				9B6AAB2D1FDE39090021FB5C /* XDSMenuTopView.m */,
				9B6AAB2E1FDE39090021FB5C /* XDSReadMenu.h */,
				9B6AAB2F1FDE39090021FB5C /* XDSReadMenu.m */,
				9B6AAB301FDE39090021FB5C /* XDSReadMenu.xcassets */,
				9B6AAB311FDE39090021FB5C /* XDSReadRootView.h */,
				9B6AAB321FDE39090021FB5C /* XDSReadRootView.m */,
				9B6AAB331FDE39090021FB5C /* XDSReadSettingView.h */,
				9B6AAB341FDE39090021FB5C /* XDSReadSettingView.m */,
				9B6AAB351FDE39090021FB5C /* XDSReadViewConst.h */,
				9B6AAB361FDE39090021FB5C /* XDSReadViewConst.m */,
				9B6AAB371FDE39090021FB5C /* YGPulseView */,
			);
			path = XDSReadMenu;
			sourceTree = "<group>";
		};
		9B6AAB161FDE39080021FB5C /* Catologue */ = {
			isa = PBXGroup;
			children = (
				9B6AAB171FDE39080021FB5C /* XDSCatalogueTabBarController.h */,
				9B6AAB181FDE39090021FB5C /* XDSCatalogueTabBarController.m */,
				9B6AAB191FDE39090021FB5C /* XDSCatalogueView.h */,
				9B6AAB1A1FDE39090021FB5C /* XDSCatalogueView.m */,
				9B6AAB1B1FDE39090021FB5C /* XDSCatalogueViewController.h */,
				9B6AAB1C1FDE39090021FB5C /* XDSCatalogueViewController.m */,
				9B6AAB1D1FDE39090021FB5C /* XDSMarkViewController.h */,
				9B6AAB1E1FDE39090021FB5C /* XDSMarkViewController.m */,
				9B6AAB1F1FDE39090021FB5C /* XDSNoDataView.h */,
				9B6AAB201FDE39090021FB5C /* XDSNoDataView.m */,
				9B6AAB211FDE39090021FB5C /* XDSNoDataView.xib */,
				9B6AAB221FDE39090021FB5C /* XDSNoteCell.h */,
				9B6AAB231FDE39090021FB5C /* XDSNoteCell.m */,
				9B6AAB241FDE39090021FB5C /* XDSNoteViewController.h */,
				9B6AAB251FDE39090021FB5C /* XDSNoteViewController.m */,
			);
			path = Catologue;
			sourceTree = "<group>";
		};
		9B6AAB371FDE39090021FB5C /* YGPulseView */ = {
			isa = PBXGroup;
			children = (
				9B6AAB381FDE39090021FB5C /* UIView+YGPulseView.h */,
				9B6AAB391FDE39090021FB5C /* UIView+YGPulseView.m */,
			);
			path = YGPulseView;
			sourceTree = "<group>";
		};
		9B6AAB3A1FDE39090021FB5C /* 华文字体 */ = {
			isa = PBXGroup;
			children = (
				9B6AAB3B1FDE39090021FB5C /* 华文彩云.ttf */,
				9B6AAB3C1FDE39090021FB5C /* 华文新魏.ttf */,
				9B6AAB3D1FDE39090021FB5C /* 华文琥珀.ttf */,
				9B6AAB3E1FDE39090021FB5C /* 华文行楷.ttf */,
			);
			path = "华文字体";
			sourceTree = "<group>";
		};
		9B9D65BC1FE76EE9007263FE /* Color */ = {
			isa = PBXGroup;
			children = (
				9B9D65B91FE76EC2007263FE /* UIColor+ColorChange.h */,
				9B9D65BA1FE76EC2007263FE /* UIColor+ColorChange.m */,
			);
			path = Color;
			sourceTree = "<group>";
		};
		9B9D65C31FE7909E007263FE /* MeCellImage */ = {
			isa = PBXGroup;
			children = (
				9B9D65E21FE79A2B007263FE /* 1@3x.png */,
				9B9D65C41FE7909E007263FE /* haoping@3x.png */,
				9B9D65C51FE7909E007263FE /* headerIcon@3x.png */,
				9B9D65C61FE7909E007263FE /* headerImage@3x.png */,
				9B9D65C71FE7909E007263FE /* lianxi@3x.png */,
				9B9D65C81FE7909E007263FE /* shezhi@3x.png */,
			);
			path = MeCellImage;
			sourceTree = "<group>";
		};
		9B9D65D31FE79A23007263FE /* TabbarImage */ = {
			isa = PBXGroup;
			children = (
				9B9D65F81FE7A9C6007263FE /* 使用说明@3x.png */,
				9B9D65F71FE7A9C6007263FE /* 使用说明2@3x.png */,
				9B9D65D51FE79A23007263FE /* gerenzhongxin@3x.png */,
				9B9D65D61FE79A23007263FE /* gerenzhongxin_xuanzhong@3x.png */,
				9B9D65D71FE79A23007263FE /* shangcheng@3x.png */,
				9B9D65D81FE79A23007263FE /* shangcheng_xuanzhong@3x.png */,
				9B9D65D91FE79A23007263FE /* shouye@3x.png */,
				9B9D65DA1FE79A23007263FE /* shouye_xuanzhong@3x.png */,
			);
			path = TabbarImage;
			sourceTree = "<group>";
		};
		9B9D65EF1FE79E08007263FE /* EmailController */ = {
			isa = PBXGroup;
			children = (
				9B9D65F01FE79E08007263FE /* EmailViewController.h */,
				9B9D65F11FE79E08007263FE /* EmailViewController.m */,
			);
			path = EmailController;
			sourceTree = "<group>";
		};
		9B9D65F21FE79E08007263FE /* MeController */ = {
			isa = PBXGroup;
			children = (
				9B9D65F31FE79E08007263FE /* MeViewController.h */,
				9B9D65F41FE79E08007263FE /* MeViewController.m */,
			);
			path = MeController;
			sourceTree = "<group>";
		};
		EF7139867CD5EFB5B93C2938 /* Pods */ = {
			isa = PBXGroup;
			children = (
				FBF49E70B6EC81D42CE1AF4D /* Pods-阅读.debug.xcconfig */,
				AC5E3D5A91FB31A0C9C5B8F9 /* Pods-阅读.release.xcconfig */,
			);
			name = Pods;
			sourceTree = "<group>";
		};
/* End PBXGroup section */

/* Begin PBXNativeTarget section */
		9B30A8211FCCFB80007E43CD /* 阅读 */ = {
			isa = PBXNativeTarget;
			buildConfigurationList = 9B30A83B1FCCFB80007E43CD /* Build configuration list for PBXNativeTarget "阅读" */;
			buildPhases = (
				3F7E2101CA47579936DDB461 /* [CP] Check Pods Manifest.lock */,
				9B30A81E1FCCFB80007E43CD /* Sources */,
				9B30A81F1FCCFB80007E43CD /* Frameworks */,
				9B30A8201FCCFB80007E43CD /* Resources */,
				B4E6CD8728FF40CE0B081C50 /* [CP] Embed Pods Frameworks */,
				F51B5737C777A1D3D9BD9B2B /* [CP] Copy Pods Resources */,
			);
			buildRules = (
			);
			dependencies = (
			);
			name = "阅读";
			productName = "阅读";
			productReference = 9B30A8221FCCFB80007E43CD /* 阅读.app */;
			productType = "com.apple.product-type.application";
		};
/* End PBXNativeTarget section */

/* Begin PBXProject section */
		9B30A81A1FCCFB80007E43CD /* Project object */ = {
			isa = PBXProject;
			attributes = {
				LastUpgradeCheck = 0910;
				ORGANIZATIONNAME = Lee;
				TargetAttributes = {
					9B30A8211FCCFB80007E43CD = {
						CreatedOnToolsVersion = 9.1;
						ProvisioningStyle = Automatic;
					};
				};
			};
			buildConfigurationList = 9B30A81D1FCCFB80007E43CD /* Build configuration list for PBXProject "阅读" */;
			compatibilityVersion = "Xcode 8.0";
			developmentRegion = en;
			hasScannedForEncodings = 0;
			knownRegions = (
				en,
				Base,
			);
			mainGroup = 9B30A8191FCCFB80007E43CD;
			productRefGroup = 9B30A8231FCCFB80007E43CD /* Products */;
			projectDirPath = "";
			projectRoot = "";
			targets = (
				9B30A8211FCCFB80007E43CD /* 阅读 */,
			);
		};
/* End PBXProject section */

/* Begin PBXResourcesBuildPhase section */
		9B30A8201FCCFB80007E43CD /* Resources */ = {
			isa = PBXResourcesBuildPhase;
			buildActionMask = 2147483647;
			files = (
				9B9D65DC1FE79A23007263FE /* gerenzhongxin@3x.png in Resources */,
				9B30A8351FCCFB80007E43CD /* LaunchScreen.storyboard in Resources */,
				9B9D65FA1FE7A9C7007263FE /* 使用说明@3x.png in Resources */,
				9B6AAB791FDE39090021FB5C /* 华文新魏.ttf in Resources */,
				9B9D65E31FE79A2B007263FE /* 1@3x.png in Resources */,
				9B6AAB7B1FDE39090021FB5C /* 华文行楷.ttf in Resources */,
				9B9D65CE1FE7909E007263FE /* haoping@3x.png in Resources */,
				9B6AAB6B1FDE39090021FB5C /* XDSNoDataView.xib in Resources */,
				9B9D65CF1FE7909E007263FE /* headerIcon@3x.png in Resources */,
				9B9D65DF1FE79A23007263FE /* shangcheng_xuanzhong@3x.png in Resources */,
				9B6AAB7D1FDE55C80021FB5C /* 简介.txt in Resources */,
				9B6AAB731FDE39090021FB5C /* XDSReadMenu.xcassets in Resources */,
				9B2195151FD791C6000059E5 /* Assets.xcassets in Resources */,
				9B6AAB591FDE39090021FB5C /* water_mode_bg@2x.png in Resources */,
				9B9D65F91FE7A9C7007263FE /* 使用说明2@3x.png in Resources */,
				9B6AAB781FDE39090021FB5C /* 华文彩云.ttf in Resources */,
				9B9D65D21FE7909E007263FE /* shezhi@3x.png in Resources */,
				9B9D66001FE7BCE8007263FE /* 叉号.png in Resources */,
				9B9D65E11FE79A23007263FE /* shouye_xuanzhong@3x.png in Resources */,
				9B9D65DD1FE79A23007263FE /* gerenzhongxin_xuanzhong@3x.png in Resources */,
				9B9D65D11FE7909E007263FE /* lianxi@3x.png in Resources */,
				9B30A8491FCCFF36007E43CD /* MainViewCell.xib in Resources */,
				9B9D65E01FE79A23007263FE /* shouye@3x.png in Resources */,
				9B6AAB7A1FDE39090021FB5C /* 华文琥珀.ttf in Resources */,
				9B30A82D1FCCFB80007E43CD /* Main.storyboard in Resources */,
				9B9D65DE1FE79A23007263FE /* shangcheng@3x.png in Resources */,
				9B9D65D01FE7909E007263FE /* headerImage@3x.png in Resources */,
				9B6AAB5A1FDE39090021FB5C /* water_mode_bg@3x.png in Resources */,
			);
			runOnlyForDeploymentPostprocessing = 0;
		};
/* End PBXResourcesBuildPhase section */

/* Begin PBXShellScriptBuildPhase section */
		3F7E2101CA47579936DDB461 /* [CP] Check Pods Manifest.lock */ = {
			isa = PBXShellScriptBuildPhase;
			buildActionMask = 2147483647;
			files = (
			);
			inputPaths = (
			);
			name = "[CP] Check Pods Manifest.lock";
			outputPaths = (
			);
			runOnlyForDeploymentPostprocessing = 0;
			shellPath = /bin/sh;
			shellScript = "diff \"${PODS_ROOT}/../Podfile.lock\" \"${PODS_ROOT}/Manifest.lock\" > /dev/null\nif [ $? != 0 ] ; then\n    # print error to STDERR\n    echo \"error: The sandbox is not in sync with the Podfile.lock. Run 'pod install' or update your CocoaPods installation.\" >&2\n    exit 1\nfi\n";
			showEnvVarsInLog = 0;
		};
		B4E6CD8728FF40CE0B081C50 /* [CP] Embed Pods Frameworks */ = {
			isa = PBXShellScriptBuildPhase;
			buildActionMask = 2147483647;
			files = (
			);
			inputPaths = (
			);
			name = "[CP] Embed Pods Frameworks";
			outputPaths = (
			);
			runOnlyForDeploymentPostprocessing = 0;
			shellPath = /bin/sh;
			shellScript = "\"${SRCROOT}/Pods/Target Support Files/Pods-阅读/Pods-阅读-frameworks.sh\"\n";
			showEnvVarsInLog = 0;
		};
		F51B5737C777A1D3D9BD9B2B /* [CP] Copy Pods Resources */ = {
			isa = PBXShellScriptBuildPhase;
			buildActionMask = 2147483647;
			files = (
			);
			inputPaths = (
			);
			name = "[CP] Copy Pods Resources";
			outputPaths = (
			);
			runOnlyForDeploymentPostprocessing = 0;
			shellPath = /bin/sh;
			shellScript = "\"${SRCROOT}/Pods/Target Support Files/Pods-阅读/Pods-阅读-resources.sh\"\n";
			showEnvVarsInLog = 0;
		};
/* End PBXShellScriptBuildPhase section */

/* Begin PBXSourcesBuildPhase section */
		9B30A81E1FCCFB80007E43CD /* Sources */ = {
			isa = PBXSourcesBuildPhase;
			buildActionMask = 2147483647;
			files = (
				9B6AAB481FDE39090021FB5C /* CXMLDocument_PrivateExtensions.m in Sources */,
				9B6AAB611FDE39090021FB5C /* XDSMagnifierView.m in Sources */,
				9B6AAB671FDE39090021FB5C /* XDSCatalogueView.m in Sources */,
				9B6AAB751FDE39090021FB5C /* XDSReadSettingView.m in Sources */,
				9B6AAB4E1FDE39090021FB5C /* CXMLNode_PrivateExtensions.m in Sources */,
				9B2D405C1FDE70F300FD61E1 /* TYTextContainer+Extended.m in Sources */,
				9B6AAB761FDE39090021FB5C /* XDSReadViewConst.m in Sources */,
				9B6AAB701FDE39090021FB5C /* XDSMenuBottomView.m in Sources */,
				9B9D65B11FE3AB0F007263FE /* MeModel.m in Sources */,
				9B6AAB4C1FDE39090021FB5C /* CXMLNamespaceNode.m in Sources */,
				9B2D405E1FDE70F300FD61E1 /* TYTextStorage.m in Sources */,
				9B6AAB501FDE39090021FB5C /* CXMLUnsupportedNode.m in Sources */,
				9B2D405F1FDE70F300FD61E1 /* TYViewStorage.m in Sources */,
				9B6AAB3F1FDE39090021FB5C /* XDSReadConfig.m in Sources */,
				9B6AAB491FDE39090021FB5C /* CXMLElement.m in Sources */,
				9B9D65F51FE79E08007263FE /* EmailViewController.m in Sources */,
				9B6AAB4F1FDE39090021FB5C /* CXMLNode_XPathExtensions.m in Sources */,
				9B6AAB571FDE39090021FB5C /* XDSNoteModel.m in Sources */,
				9B6AAB441FDE39090021FB5C /* CXMLDocument_CreationExtensions.m in Sources */,
				9B9D65EE1FE79DFD007263FE /* ViewController.m in Sources */,
				9B6AAB691FDE39090021FB5C /* XDSMarkViewController.m in Sources */,
				9B6AAB771FDE39090021FB5C /* UIView+YGPulseView.m in Sources */,
				9B6AAB6F1FDE39090021FB5C /* XDSLightView.m in Sources */,
				9B6AAB401FDE39090021FB5C /* XDSReadManager.m in Sources */,
				9B6AAB6A1FDE39090021FB5C /* XDSNoDataView.m in Sources */,
				9B2D40591FDE70F300FD61E1 /* TYImageCache.m in Sources */,
				9B2D405D1FDE70F300FD61E1 /* TYTextContainer.m in Sources */,
				9B6AAB721FDE39090021FB5C /* XDSReadMenu.m in Sources */,
				9B6AAB631FDE39090021FB5C /* XDSPhotoBrowser.m in Sources */,
				9B6AAB641FDE39090021FB5C /* XDSReadPageViewController.m in Sources */,
				9B2D40321FDE626000FD61E1 /* LeeTabBarController.m in Sources */,
				9B6AAB581FDE39090021FB5C /* XDSRecordModel.m in Sources */,
				9B6AAB551FDE39090021FB5C /* XDSChapterModel.m in Sources */,
				9B9D65AE1FE3AA59007263FE /* MeViewCell.m in Sources */,
				9B2D405A1FDE70F300FD61E1 /* TYImageStorage.m in Sources */,
				9B30A8301FCCFB80007E43CD /* __.xcdatamodeld in Sources */,
				9B6AAB601FDE39090021FB5C /* UIControl+XDSHyperLink.m in Sources */,
				9B6AAB741FDE39090021FB5C /* XDSReadRootView.m in Sources */,
				9B6AAB4A1FDE39090021FB5C /* CXMLElement_CreationExtensions.m in Sources */,
				9B6AAB561FDE39090021FB5C /* XDSMarkModel.m in Sources */,
				9B6AAB661FDE39090021FB5C /* XDSCatalogueTabBarController.m in Sources */,
				9B6AAB711FDE39090021FB5C /* XDSMenuTopView.m in Sources */,
				9B6AAB431FDE39090021FB5C /* NSString+HTML.m in Sources */,
				9B2D405B1FDE70F300FD61E1 /* TYLinkTextStorage.m in Sources */,
				9B2D40581FDE70F300FD61E1 /* TYDrawStorage.m in Sources */,
				9B2D40561FDE70F300FD61E1 /* NSMutableAttributedString+TY.m in Sources */,
				9B6AAB5F1FDE39090021FB5C /* XDSReaderUtil.m in Sources */,
				9B9D65BB1FE76EC2007263FE /* UIColor+ColorChange.m in Sources */,
				9B2D40571FDE70F300FD61E1 /* TYAttributedLabel.m in Sources */,
				9B6AAB541FDE39090021FB5C /* XDSBookModel.m in Sources */,
				9B2D403D1FDE632200FD61E1 /* IntroduceViewController.m in Sources */,
				9B6AAB451FDE39090021FB5C /* CXMLNode_CreationExtensions.m in Sources */,
				9B6AAB6D1FDE39090021FB5C /* XDSNoteViewController.m in Sources */,
				9B2195141FD791C6000059E5 /* AppDelegate.m in Sources */,
				9B6AAB521FDE39090021FB5C /* UIImage+ImageEffects.m in Sources */,
				9B6AAB511FDE39090021FB5C /* CTidy.m in Sources */,
				9B6AAB411FDE39090021FB5C /* XDSReadOperation.m in Sources */,
				9B9D65F61FE79E08007263FE /* MeViewController.m in Sources */,
				9B9D65B61FE76405007263FE /* HeaderView.m in Sources */,
				9B6AAB4B1FDE39090021FB5C /* CXMLElement_ElementTreeExtensions.m in Sources */,
				9B2195161FD791C6000059E5 /* main.m in Sources */,
				9B6AAB6C1FDE39090021FB5C /* XDSNoteCell.m in Sources */,
				9B6AAB531FDE39090021FB5C /* UIView+XDSHyperLink.m in Sources */,
				9B6AAB421FDE39090021FB5C /* GTMNSString+HTML.m in Sources */,
				9B6AAB471FDE39090021FB5C /* CXMLDocument.m in Sources */,
				9B30A8481FCCFF36007E43CD /* MainViewCell.m in Sources */,
				9B6AAB5E1FDE39090021FB5C /* XDSReaderGlobleConst.m in Sources */,
				9B6AAB6E1FDE39090021FB5C /* XDSHaloButton.m in Sources */,
				9B6AAB461FDE39090021FB5C /* CXHTMLDocument.m in Sources */,
				9B6AAB651FDE39090021FB5C /* XDSReadViewController.m in Sources */,
				9B6AAB621FDE39090021FB5C /* XDSReadView.m in Sources */,
				9B6AAB4D1FDE39090021FB5C /* CXMLNode.m in Sources */,
				9B6AAB681FDE39090021FB5C /* XDSCatalogueViewController.m in Sources */,
			);
			runOnlyForDeploymentPostprocessing = 0;
		};
/* End PBXSourcesBuildPhase section */

/* Begin PBXVariantGroup section */
		9B30A82B1FCCFB80007E43CD /* Main.storyboard */ = {
			isa = PBXVariantGroup;
			children = (
				9B30A82C1FCCFB80007E43CD /* Base */,
			);
			name = Main.storyboard;
			sourceTree = "<group>";
		};
		9B30A8331FCCFB80007E43CD /* LaunchScreen.storyboard */ = {
			isa = PBXVariantGroup;
			children = (
				9B30A8341FCCFB80007E43CD /* Base */,
			);
			name = LaunchScreen.storyboard;
			sourceTree = "<group>";
		};
/* End PBXVariantGroup section */

/* Begin XCBuildConfiguration section */
		9B30A8391FCCFB80007E43CD /* Debug */ = {
			isa = XCBuildConfiguration;
			buildSettings = {
				ALWAYS_SEARCH_USER_PATHS = NO;
				CLANG_ANALYZER_NONNULL = YES;
				CLANG_ANALYZER_NUMBER_OBJECT_CONVERSION = YES_AGGRESSIVE;
				CLANG_CXX_LANGUAGE_STANDARD = "gnu++14";
				CLANG_CXX_LIBRARY = "libc++";
				CLANG_ENABLE_MODULES = YES;
				CLANG_ENABLE_OBJC_ARC = YES;
				CLANG_WARN_BLOCK_CAPTURE_AUTORELEASING = YES;
				CLANG_WARN_BOOL_CONVERSION = YES;
				CLANG_WARN_COMMA = YES;
				CLANG_WARN_CONSTANT_CONVERSION = YES;
				CLANG_WARN_DIRECT_OBJC_ISA_USAGE = YES_ERROR;
				CLANG_WARN_DOCUMENTATION_COMMENTS = YES;
				CLANG_WARN_EMPTY_BODY = YES;
				CLANG_WARN_ENUM_CONVERSION = YES;
				CLANG_WARN_INFINITE_RECURSION = YES;
				CLANG_WARN_INT_CONVERSION = YES;
				CLANG_WARN_NON_LITERAL_NULL_CONVERSION = YES;
				CLANG_WARN_OBJC_LITERAL_CONVERSION = YES;
				CLANG_WARN_OBJC_ROOT_CLASS = YES_ERROR;
				CLANG_WARN_RANGE_LOOP_ANALYSIS = YES;
				CLANG_WARN_STRICT_PROTOTYPES = YES;
				CLANG_WARN_SUSPICIOUS_MOVE = YES;
				CLANG_WARN_UNGUARDED_AVAILABILITY = YES_AGGRESSIVE;
				CLANG_WARN_UNREACHABLE_CODE = YES;
				CLANG_WARN__DUPLICATE_METHOD_MATCH = YES;
				CODE_SIGN_IDENTITY = "iPhone Distribution: Beijing JSWF Information Technology Co., Ltd. (3DBS243U3W)";
				CODE_SIGN_STYLE = Automatic;
				COPY_PHASE_STRIP = NO;
				DEBUG_INFORMATION_FORMAT = dwarf;
				ENABLE_STRICT_OBJC_MSGSEND = YES;
				ENABLE_TESTABILITY = YES;
				GCC_C_LANGUAGE_STANDARD = gnu11;
				GCC_DYNAMIC_NO_PIC = NO;
				GCC_NO_COMMON_BLOCKS = YES;
				GCC_OPTIMIZATION_LEVEL = 0;
				GCC_PREPROCESSOR_DEFINITIONS = (
					"DEBUG=1",
					"$(inherited)",
				);
				GCC_WARN_64_TO_32_BIT_CONVERSION = YES;
				GCC_WARN_ABOUT_RETURN_TYPE = YES_ERROR;
				GCC_WARN_UNDECLARED_SELECTOR = YES;
				GCC_WARN_UNINITIALIZED_AUTOS = YES_AGGRESSIVE;
				GCC_WARN_UNUSED_FUNCTION = YES;
				GCC_WARN_UNUSED_VARIABLE = YES;
				IPHONEOS_DEPLOYMENT_TARGET = 11.1;
				MTL_ENABLE_DEBUG_INFO = YES;
				ONLY_ACTIVE_ARCH = YES;
				PROVISIONING_PROFILE = "";
				SDKROOT = iphoneos;
			};
			name = Debug;
		};
		9B30A83A1FCCFB80007E43CD /* Release */ = {
			isa = XCBuildConfiguration;
			buildSettings = {
				ALWAYS_SEARCH_USER_PATHS = NO;
				CLANG_ANALYZER_NONNULL = YES;
				CLANG_ANALYZER_NUMBER_OBJECT_CONVERSION = YES_AGGRESSIVE;
				CLANG_CXX_LANGUAGE_STANDARD = "gnu++14";
				CLANG_CXX_LIBRARY = "libc++";
				CLANG_ENABLE_MODULES = YES;
				CLANG_ENABLE_OBJC_ARC = YES;
				CLANG_WARN_BLOCK_CAPTURE_AUTORELEASING = YES;
				CLANG_WARN_BOOL_CONVERSION = YES;
				CLANG_WARN_COMMA = YES;
				CLANG_WARN_CONSTANT_CONVERSION = YES;
				CLANG_WARN_DIRECT_OBJC_ISA_USAGE = YES_ERROR;
				CLANG_WARN_DOCUMENTATION_COMMENTS = YES;
				CLANG_WARN_EMPTY_BODY = YES;
				CLANG_WARN_ENUM_CONVERSION = YES;
				CLANG_WARN_INFINITE_RECURSION = YES;
				CLANG_WARN_INT_CONVERSION = YES;
				CLANG_WARN_NON_LITERAL_NULL_CONVERSION = YES;
				CLANG_WARN_OBJC_LITERAL_CONVERSION = YES;
				CLANG_WARN_OBJC_ROOT_CLASS = YES_ERROR;
				CLANG_WARN_RANGE_LOOP_ANALYSIS = YES;
				CLANG_WARN_STRICT_PROTOTYPES = YES;
				CLANG_WARN_SUSPICIOUS_MOVE = YES;
				CLANG_WARN_UNGUARDED_AVAILABILITY = YES_AGGRESSIVE;
				CLANG_WARN_UNREACHABLE_CODE = YES;
				CLANG_WARN__DUPLICATE_METHOD_MATCH = YES;
				CODE_SIGN_IDENTITY = "iPhone Distribution: Beijing JSWF Information Technology Co., Ltd. (3DBS243U3W)";
				CODE_SIGN_STYLE = Automatic;
				COPY_PHASE_STRIP = NO;
				DEBUG_INFORMATION_FORMAT = "dwarf-with-dsym";
				ENABLE_NS_ASSERTIONS = NO;
				ENABLE_STRICT_OBJC_MSGSEND = YES;
				GCC_C_LANGUAGE_STANDARD = gnu11;
				GCC_NO_COMMON_BLOCKS = YES;
				GCC_WARN_64_TO_32_BIT_CONVERSION = YES;
				GCC_WARN_ABOUT_RETURN_TYPE = YES_ERROR;
				GCC_WARN_UNDECLARED_SELECTOR = YES;
				GCC_WARN_UNINITIALIZED_AUTOS = YES_AGGRESSIVE;
				GCC_WARN_UNUSED_FUNCTION = YES;
				GCC_WARN_UNUSED_VARIABLE = YES;
				IPHONEOS_DEPLOYMENT_TARGET = 11.1;
				MTL_ENABLE_DEBUG_INFO = NO;
				PROVISIONING_PROFILE = "";
				SDKROOT = iphoneos;
				VALIDATE_PRODUCT = YES;
			};
			name = Release;
		};
		9B30A83C1FCCFB80007E43CD /* Debug */ = {
			isa = XCBuildConfiguration;
			baseConfigurationReference = FBF49E70B6EC81D42CE1AF4D /* Pods-阅读.debug.xcconfig */;
			buildSettings = {
				ASSETCATALOG_COMPILER_APPICON_NAME = AppIcon;
				CLANG_ENABLE_OBJC_ARC = YES;
				CODE_SIGN_IDENTITY = "iPhone Developer";
				"CODE_SIGN_IDENTITY[sdk=iphoneos*]" = "iPhone Developer";
				CODE_SIGN_STYLE = Automatic;
				DEVELOPMENT_TEAM = 3DBS243U3W;
				GCC_PREFIX_HEADER = "$(SRCROOT)/阅读/Main/PrefixHeader.pch";
				HEADER_SEARCH_PATHS = (
					"$(inherited)",
					"\"${PODS_ROOT}/Headers/Public\"",
					"\"${PODS_ROOT}/Headers/Public/FMDB\"",
					"\"${PODS_ROOT}/Headers/Public/MJExtension\"",
					"\"${PODS_ROOT}/Headers/Public/Masonry\"",
					"\"${PODS_ROOT}/Headers/Public/ZipArchive\"",
					/usr/include/libxml2,
				);
				INFOPLIST_FILE = "阅读/Info.plist";
				IPHONEOS_DEPLOYMENT_TARGET = 10.0;
				LD_RUNPATH_SEARCH_PATHS = "$(inherited) @executable_path/Frameworks";
				OTHER_LDFLAGS = (
					"$(inherited)",
					"-ObjC",
					"-l\"FMDB\"",
					"-l\"MJExtension\"",
					"-l\"Masonry\"",
					"-l\"ZipArchive\"",
					"-l\"sqlite3\"",
					"-l\"z\"",
					"-framework",
					"\"Foundation\"",
					"-framework",
					"\"UIKit\"",
					"-lxml2",
				);
				PRODUCT_BUNDLE_IDENTIFIER = com.kandian.Lee;
				PRODUCT_NAME = "$(TARGET_NAME)";
				PROVISIONING_PROFILE = "";
				PROVISIONING_PROFILE_SPECIFIER = "";
				TARGETED_DEVICE_FAMILY = 1;
			};
			name = Debug;
		};
		9B30A83D1FCCFB80007E43CD /* Release */ = {
			isa = XCBuildConfiguration;
			baseConfigurationReference = AC5E3D5A91FB31A0C9C5B8F9 /* Pods-阅读.release.xcconfig */;
			buildSettings = {
				ASSETCATALOG_COMPILER_APPICON_NAME = AppIcon;
				CLANG_ENABLE_OBJC_ARC = YES;
				CODE_SIGN_IDENTITY = "iPhone Developer";
				"CODE_SIGN_IDENTITY[sdk=iphoneos*]" = "iPhone Developer";
				CODE_SIGN_STYLE = Automatic;
				DEVELOPMENT_TEAM = 3DBS243U3W;
				GCC_PREFIX_HEADER = "$(SRCROOT)/阅读/Main/PrefixHeader.pch";
				HEADER_SEARCH_PATHS = (
					"$(inherited)",
					"\"${PODS_ROOT}/Headers/Public\"",
					"\"${PODS_ROOT}/Headers/Public/FMDB\"",
					"\"${PODS_ROOT}/Headers/Public/MJExtension\"",
					"\"${PODS_ROOT}/Headers/Public/Masonry\"",
					"\"${PODS_ROOT}/Headers/Public/ZipArchive\"",
					/usr/include/libxml2,
				);
				INFOPLIST_FILE = "阅读/Info.plist";
				IPHONEOS_DEPLOYMENT_TARGET = 10.0;
				LD_RUNPATH_SEARCH_PATHS = "$(inherited) @executable_path/Frameworks";
				OTHER_LDFLAGS = (
					"$(inherited)",
					"-ObjC",
					"-l\"FMDB\"",
					"-l\"MJExtension\"",
					"-l\"Masonry\"",
					"-l\"ZipArchive\"",
					"-l\"sqlite3\"",
					"-l\"z\"",
					"-framework",
					"\"Foundation\"",
					"-framework",
					"\"UIKit\"",
					"-lxml2",
				);
				PRODUCT_BUNDLE_IDENTIFIER = com.kandian.Lee;
				PRODUCT_NAME = "$(TARGET_NAME)";
				PROVISIONING_PROFILE = "";
				PROVISIONING_PROFILE_SPECIFIER = "";
				TARGETED_DEVICE_FAMILY = 1;
			};
			name = Release;
		};
/* End XCBuildConfiguration section */

/* Begin XCConfigurationList section */
		9B30A81D1FCCFB80007E43CD /* Build configuration list for PBXProject "阅读" */ = {
			isa = XCConfigurationList;
			buildConfigurations = (
				9B30A8391FCCFB80007E43CD /* Debug */,
				9B30A83A1FCCFB80007E43CD /* Release */,
			);
			defaultConfigurationIsVisible = 0;
			defaultConfigurationName = Release;
		};
		9B30A83B1FCCFB80007E43CD /* Build configuration list for PBXNativeTarget "阅读" */ = {
			isa = XCConfigurationList;
			buildConfigurations = (
				9B30A83C1FCCFB80007E43CD /* Debug */,
				9B30A83D1FCCFB80007E43CD /* Release */,
			);
			defaultConfigurationIsVisible = 0;
			defaultConfigurationName = Release;
		};
/* End XCConfigurationList section */

/* Begin XCVersionGroup section */
		9B30A82E1FCCFB80007E43CD /* __.xcdatamodeld */ = {
			isa = XCVersionGroup;
			children = (
				9B30A82F1FCCFB80007E43CD /* __.xcdatamodel */,
			);
			currentVersion = 9B30A82F1FCCFB80007E43CD /* __.xcdatamodel */;
			path = __.xcdatamodeld;
			sourceTree = "<group>";
			versionGroupType = wrapper.xcdatamodel;
		};
/* End XCVersionGroup section */
	};
	rootObject = 9B30A81A1FCCFB80007E43CD /* Project object */;
}
